// !$*UTF8*$!
{
	archiveVersion = 1;
	classes = {
	};
	objectVersion = 50;
	objects = {

/* Begin PBXBuildFile section */
		6012CC2A238D502200DEB61E /* ResetPasswordViewController1.swift in Sources */ = {isa = PBXBuildFile; fileRef = 6012CC29238D502200DEB61E /* ResetPasswordViewController1.swift */; };
		601342A2238D44B900B8560C /* SignUpViewController.swift in Sources */ = {isa = PBXBuildFile; fileRef = 601342A1238D44B900B8560C /* SignUpViewController.swift */; };
		6017B594238D7528007DC459 /* ResetPasswordViewController2.swift in Sources */ = {isa = PBXBuildFile; fileRef = 6017B593238D7528007DC459 /* ResetPasswordViewController2.swift */; };
		60318E52238D17ED00F2C3AB /* AppDelegate.swift in Sources */ = {isa = PBXBuildFile; fileRef = 60318E51238D17ED00F2C3AB /* AppDelegate.swift */; };
		60318E54238D17ED00F2C3AB /* SceneDelegate.swift in Sources */ = {isa = PBXBuildFile; fileRef = 60318E53238D17ED00F2C3AB /* SceneDelegate.swift */; };
		60318E56238D17ED00F2C3AB /* SplashViewController.swift in Sources */ = {isa = PBXBuildFile; fileRef = 60318E55238D17ED00F2C3AB /* SplashViewController.swift */; };
		60318E59238D17ED00F2C3AB /* Main.storyboard in Resources */ = {isa = PBXBuildFile; fileRef = 60318E57238D17ED00F2C3AB /* Main.storyboard */; };
		60318E5B238D17EF00F2C3AB /* Assets.xcassets in Resources */ = {isa = PBXBuildFile; fileRef = 60318E5A238D17EF00F2C3AB /* Assets.xcassets */; };
		60318E5E238D17EF00F2C3AB /* LaunchScreen.storyboard in Resources */ = {isa = PBXBuildFile; fileRef = 60318E5C238D17EF00F2C3AB /* LaunchScreen.storyboard */; };
		60318E6A238D19C900F2C3AB /* LoginViewController.swift in Sources */ = {isa = PBXBuildFile; fileRef = 60318E69238D19C900F2C3AB /* LoginViewController.swift */; };
		60318E77238D1EA800F2C3AB /* ButtonCorners.swift in Sources */ = {isa = PBXBuildFile; fileRef = 60318E6D238D1EA800F2C3AB /* ButtonCorners.swift */; };
		60318E78238D1EA800F2C3AB /* ImageCorners.swift in Sources */ = {isa = PBXBuildFile; fileRef = 60318E6E238D1EA800F2C3AB /* ImageCorners.swift */; };
		60318E79238D1EA800F2C3AB /* LabelCorners.swift in Sources */ = {isa = PBXBuildFile; fileRef = 60318E6F238D1EA800F2C3AB /* LabelCorners.swift */; };
		60318E7A238D1EA800F2C3AB /* TableViewCorners.swift in Sources */ = {isa = PBXBuildFile; fileRef = 60318E70238D1EA800F2C3AB /* TableViewCorners.swift */; };
		60318E7B238D1EA800F2C3AB /* TextFieldCorners.swift in Sources */ = {isa = PBXBuildFile; fileRef = 60318E71238D1EA800F2C3AB /* TextFieldCorners.swift */; };
		60318E7C238D1EA800F2C3AB /* ViewCorners.swift in Sources */ = {isa = PBXBuildFile; fileRef = 60318E72238D1EA800F2C3AB /* ViewCorners.swift */; };
		60318E7D238D1EA800F2C3AB /* ButtonAnimation.swift in Sources */ = {isa = PBXBuildFile; fileRef = 60318E74238D1EA800F2C3AB /* ButtonAnimation.swift */; };
		60318E7E238D1EA800F2C3AB /* TextFieldPadding.swift in Sources */ = {isa = PBXBuildFile; fileRef = 60318E75238D1EA800F2C3AB /* TextFieldPadding.swift */; };
		60318E7F238D1EA800F2C3AB /* TextFiledAnimation.swift in Sources */ = {isa = PBXBuildFile; fileRef = 60318E76238D1EA800F2C3AB /* TextFiledAnimation.swift */; };
/* End PBXBuildFile section */

/* Begin PBXFileReference section */
		6012CC29238D502200DEB61E /* ResetPasswordViewController1.swift */ = {isa = PBXFileReference; lastKnownFileType = sourcecode.swift; path = ResetPasswordViewController1.swift; sourceTree = "<group>"; };
		601342A1238D44B900B8560C /* SignUpViewController.swift */ = {isa = PBXFileReference; lastKnownFileType = sourcecode.swift; path = SignUpViewController.swift; sourceTree = "<group>"; };
		6017B593238D7528007DC459 /* ResetPasswordViewController2.swift */ = {isa = PBXFileReference; lastKnownFileType = sourcecode.swift; path = ResetPasswordViewController2.swift; sourceTree = "<group>"; };
		60318E4E238D17ED00F2C3AB /* saudiClubs1.app */ = {isa = PBXFileReference; explicitFileType = wrapper.application; includeInIndex = 0; path = saudiClubs1.app; sourceTree = BUILT_PRODUCTS_DIR; };
		60318E51238D17ED00F2C3AB /* AppDelegate.swift */ = {isa = PBXFileReference; lastKnownFileType = sourcecode.swift; path = AppDelegate.swift; sourceTree = "<group>"; };
		60318E53238D17ED00F2C3AB /* SceneDelegate.swift */ = {isa = PBXFileReference; lastKnownFileType = sourcecode.swift; path = SceneDelegate.swift; sourceTree = "<group>"; };
		60318E55238D17ED00F2C3AB /* SplashViewController.swift */ = {isa = PBXFileReference; lastKnownFileType = sourcecode.swift; path = SplashViewController.swift; sourceTree = "<group>"; };
		60318E58238D17ED00F2C3AB /* Base */ = {isa = PBXFileReference; lastKnownFileType = file.storyboard; name = Base; path = Base.lproj/Main.storyboard; sourceTree = "<group>"; };
		60318E5A238D17EF00F2C3AB /* Assets.xcassets */ = {isa = PBXFileReference; lastKnownFileType = folder.assetcatalog; path = Assets.xcassets; sourceTree = "<group>"; };
		60318E5D238D17EF00F2C3AB /* Base */ = {isa = PBXFileReference; lastKnownFileType = file.storyboard; name = Base; path = Base.lproj/LaunchScreen.storyboard; sourceTree = "<group>"; };
		60318E5F238D17EF00F2C3AB /* Info.plist */ = {isa = PBXFileReference; lastKnownFileType = text.plist.xml; path = Info.plist; sourceTree = "<group>"; };
		60318E69238D19C900F2C3AB /* LoginViewController.swift */ = {isa = PBXFileReference; lastKnownFileType = sourcecode.swift; path = LoginViewController.swift; sourceTree = "<group>"; };
		60318E6D238D1EA800F2C3AB /* ButtonCorners.swift */ = {isa = PBXFileReference; fileEncoding = 4; lastKnownFileType = sourcecode.swift; path = ButtonCorners.swift; sourceTree = "<group>"; };
		60318E6E238D1EA800F2C3AB /* ImageCorners.swift */ = {isa = PBXFileReference; fileEncoding = 4; lastKnownFileType = sourcecode.swift; path = ImageCorners.swift; sourceTree = "<group>"; };
		60318E6F238D1EA800F2C3AB /* LabelCorners.swift */ = {isa = PBXFileReference; fileEncoding = 4; lastKnownFileType = sourcecode.swift; path = LabelCorners.swift; sourceTree = "<group>"; };
		60318E70238D1EA800F2C3AB /* TableViewCorners.swift */ = {isa = PBXFileReference; fileEncoding = 4; lastKnownFileType = sourcecode.swift; path = TableViewCorners.swift; sourceTree = "<group>"; };
		60318E71238D1EA800F2C3AB /* TextFieldCorners.swift */ = {isa = PBXFileReference; fileEncoding = 4; lastKnownFileType = sourcecode.swift; path = TextFieldCorners.swift; sourceTree = "<group>"; };
		60318E72238D1EA800F2C3AB /* ViewCorners.swift */ = {isa = PBXFileReference; fileEncoding = 4; lastKnownFileType = sourcecode.swift; path = ViewCorners.swift; sourceTree = "<group>"; };
		60318E74238D1EA800F2C3AB /* ButtonAnimation.swift */ = {isa = PBXFileReference; fileEncoding = 4; lastKnownFileType = sourcecode.swift; path = ButtonAnimation.swift; sourceTree = "<group>"; };
		60318E75238D1EA800F2C3AB /* TextFieldPadding.swift */ = {isa = PBXFileReference; fileEncoding = 4; lastKnownFileType = sourcecode.swift; path = TextFieldPadding.swift; sourceTree = "<group>"; };
		60318E76238D1EA800F2C3AB /* TextFiledAnimation.swift */ = {isa = PBXFileReference; fileEncoding = 4; lastKnownFileType = sourcecode.swift; path = TextFiledAnimation.swift; sourceTree = "<group>"; };
/* End PBXFileReference section */

/* Begin PBXFrameworksBuildPhase section */
		60318E4B238D17ED00F2C3AB /* Frameworks */ = {
			isa = PBXFrameworksBuildPhase;
			buildActionMask = 2147483647;
			files = (
			);
			runOnlyForDeploymentPostprocessing = 0;
		};
/* End PBXFrameworksBuildPhase section */

/* Begin PBXGroup section */
		60318E45238D17ED00F2C3AB = {
			isa = PBXGroup;
			children = (
				60318E50238D17ED00F2C3AB /* saudiClubs1 */,
				60318E4F238D17ED00F2C3AB /* Products */,
			);
			sourceTree = "<group>";
		};
		60318E4F238D17ED00F2C3AB /* Products */ = {
			isa = PBXGroup;
			children = (
				60318E4E238D17ED00F2C3AB /* saudiClubs1.app */,
			);
			name = Products;
			sourceTree = "<group>";
		};
		60318E50238D17ED00F2C3AB /* saudiClubs1 */ = {
			isa = PBXGroup;
			children = (
				60318E68238D181A00F2C3AB /* Supporting Files */,
				60318E6B238D1EA800F2C3AB /* Layout */,
				60318E67238D180700F2C3AB /* Model */,
				60318E66238D180200F2C3AB /* View */,
				60318E65238D17FF00F2C3AB /* Controller */,
			);
			path = saudiClubs1;
			sourceTree = "<group>";
		};
		60318E65238D17FF00F2C3AB /* Controller */ = {
			isa = PBXGroup;
			children = (
				60318E55238D17ED00F2C3AB /* SplashViewController.swift */,
				60318E69238D19C900F2C3AB /* LoginViewController.swift */,
				601342A1238D44B900B8560C /* SignUpViewController.swift */,
				6012CC29238D502200DEB61E /* ResetPasswordViewController1.swift */,
				6017B593238D7528007DC459 /* ResetPasswordViewController2.swift */,
			);
			path = Controller;
			sourceTree = "<group>";
		};
		60318E66238D180200F2C3AB /* View */ = {
			isa = PBXGroup;
			children = (
				60318E57238D17ED00F2C3AB /* Main.storyboard */,
			);
			path = View;
			sourceTree = "<group>";
		};
		60318E67238D180700F2C3AB /* Model */ = {
			isa = PBXGroup;
			children = (
			);
			path = Model;
			sourceTree = "<group>";
		};
		60318E68238D181A00F2C3AB /* Supporting Files */ = {
			isa = PBXGroup;
			children = (
				60318E51238D17ED00F2C3AB /* AppDelegate.swift */,
				60318E53238D17ED00F2C3AB /* SceneDelegate.swift */,
				60318E5A238D17EF00F2C3AB /* Assets.xcassets */,
				60318E5C238D17EF00F2C3AB /* LaunchScreen.storyboard */,
				60318E5F238D17EF00F2C3AB /* Info.plist */,
			);
			path = "Supporting Files";
			sourceTree = "<group>";
		};
		60318E6B238D1EA800F2C3AB /* Layout */ = {
			isa = PBXGroup;
			children = (
				60318E6C238D1EA800F2C3AB /* Classes */,
				60318E73238D1EA800F2C3AB /* Extensions */,
			);
			path = Layout;
			sourceTree = "<group>";
		};
		60318E6C238D1EA800F2C3AB /* Classes */ = {
			isa = PBXGroup;
			children = (
				60318E6D238D1EA800F2C3AB /* ButtonCorners.swift */,
				60318E6E238D1EA800F2C3AB /* ImageCorners.swift */,
				60318E6F238D1EA800F2C3AB /* LabelCorners.swift */,
				60318E70238D1EA800F2C3AB /* TableViewCorners.swift */,
				60318E71238D1EA800F2C3AB /* TextFieldCorners.swift */,
				60318E72238D1EA800F2C3AB /* ViewCorners.swift */,
			);
			path = Classes;
			sourceTree = "<group>";
		};
		60318E73238D1EA800F2C3AB /* Extensions */ = {
			isa = PBXGroup;
			children = (
				60318E74238D1EA800F2C3AB /* ButtonAnimation.swift */,
				60318E75238D1EA800F2C3AB /* TextFieldPadding.swift */,
				60318E76238D1EA800F2C3AB /* TextFiledAnimation.swift */,
			);
			path = Extensions;
			sourceTree = "<group>";
		};
/* End PBXGroup section */

/* Begin PBXNativeTarget section */
		60318E4D238D17ED00F2C3AB /* saudiClubs1 */ = {
			isa = PBXNativeTarget;
			buildConfigurationList = 60318E62238D17EF00F2C3AB /* Build configuration list for PBXNativeTarget "saudiClubs1" */;
			buildPhases = (
				60318E4A238D17ED00F2C3AB /* Sources */,
				60318E4B238D17ED00F2C3AB /* Frameworks */,
				60318E4C238D17ED00F2C3AB /* Resources */,
			);
			buildRules = (
			);
			dependencies = (
			);
			name = saudiClubs1;
			productName = saudiClubs1;
			productReference = 60318E4E238D17ED00F2C3AB /* saudiClubs1.app */;
			productType = "com.apple.product-type.application";
		};
/* End PBXNativeTarget section */

/* Begin PBXProject section */
		60318E46238D17ED00F2C3AB /* Project object */ = {
			isa = PBXProject;
			attributes = {
				LastSwiftUpdateCheck = 1120;
				LastUpgradeCheck = 1120;
				ORGANIZATIONNAME = "Mohamed Samir";
				TargetAttributes = {
					60318E4D238D17ED00F2C3AB = {
						CreatedOnToolsVersion = 11.2.1;
					};
				};
			};
			buildConfigurationList = 60318E49238D17ED00F2C3AB /* Build configuration list for PBXProject "saudiClubs1" */;
			compatibilityVersion = "Xcode 9.3";
			developmentRegion = en;
			hasScannedForEncodings = 0;
			knownRegions = (
				en,
				Base,
			);
			mainGroup = 60318E45238D17ED00F2C3AB;
			productRefGroup = 60318E4F238D17ED00F2C3AB /* Products */;
			projectDirPath = "";
			projectRoot = "";
			targets = (
				60318E4D238D17ED00F2C3AB /* saudiClubs1 */,
			);
		};
/* End PBXProject section */

/* Begin PBXResourcesBuildPhase section */
		60318E4C238D17ED00F2C3AB /* Resources */ = {
			isa = PBXResourcesBuildPhase;
			buildActionMask = 2147483647;
			files = (
				60318E5E238D17EF00F2C3AB /* LaunchScreen.storyboard in Resources */,
				60318E5B238D17EF00F2C3AB /* Assets.xcassets in Resources */,
				60318E59238D17ED00F2C3AB /* Main.storyboard in Resources */,
			);
			runOnlyForDeploymentPostprocessing = 0;
		};
/* End PBXResourcesBuildPhase section */

/* Begin PBXSourcesBuildPhase section */
		60318E4A238D17ED00F2C3AB /* Sources */ = {
			isa = PBXSourcesBuildPhase;
			buildActionMask = 2147483647;
			files = (
				60318E7F238D1EA800F2C3AB /* TextFiledAnimation.swift in Sources */,
				60318E7A238D1EA800F2C3AB /* TableViewCorners.swift in Sources */,
				60318E7D238D1EA800F2C3AB /* ButtonAnimation.swift in Sources */,
				60318E6A238D19C900F2C3AB /* LoginViewController.swift in Sources */,
				6017B594238D7528007DC459 /* ResetPasswordViewController2.swift in Sources */,
				60318E7B238D1EA800F2C3AB /* TextFieldCorners.swift in Sources */,
				60318E7C238D1EA800F2C3AB /* ViewCorners.swift in Sources */,
				60318E77238D1EA800F2C3AB /* ButtonCorners.swift in Sources */,
				60318E79238D1EA800F2C3AB /* LabelCorners.swift in Sources */,
				601342A2238D44B900B8560C /* SignUpViewController.swift in Sources */,
				60318E78238D1EA800F2C3AB /* ImageCorners.swift in Sources */,
				60318E56238D17ED00F2C3AB /* SplashViewController.swift in Sources */,
				60318E7E238D1EA800F2C3AB /* TextFieldPadding.swift in Sources */,
				6012CC2A238D502200DEB61E /* ResetPasswordViewController1.swift in Sources */,
				60318E52238D17ED00F2C3AB /* AppDelegate.swift in Sources */,
				60318E54238D17ED00F2C3AB /* SceneDelegate.swift in Sources */,
			);
			runOnlyForDeploymentPostprocessing = 0;
		};
/* End PBXSourcesBuildPhase section */

/* Begin PBXVariantGroup section */
		60318E57238D17ED00F2C3AB /* Main.storyboard */ = {
			isa = PBXVariantGroup;
			children = (
				60318E58238D17ED00F2C3AB /* Base */,
			);
			name = Main.storyboard;
			sourceTree = "<group>";
		};
		60318E5C238D17EF00F2C3AB /* LaunchScreen.storyboard */ = {
			isa = PBXVariantGroup;
			children = (
				60318E5D238D17EF00F2C3AB /* Base */,
			);
			name = LaunchScreen.storyboard;
			sourceTree = "<group>";
		};
/* End PBXVariantGroup section */

/* Begin XCBuildConfiguration section */
		60318E60238D17EF00F2C3AB /* Debug */ = {
			isa = XCBuildConfiguration;
			buildSettings = {
				ALWAYS_SEARCH_USER_PATHS = NO;
				CLANG_ANALYZER_NONNULL = YES;
				CLANG_ANALYZER_NUMBER_OBJECT_CONVERSION = YES_AGGRESSIVE;
				CLANG_CXX_LANGUAGE_STANDARD = "gnu++14";
				CLANG_CXX_LIBRARY = "libc++";
				CLANG_ENABLE_MODULES = YES;
				CLANG_ENABLE_OBJC_ARC = YES;
				CLANG_ENABLE_OBJC_WEAK = YES;
				CLANG_WARN_BLOCK_CAPTURE_AUTORELEASING = YES;
				CLANG_WARN_BOOL_CONVERSION = YES;
				CLANG_WARN_COMMA = YES;
				CLANG_WARN_CONSTANT_CONVERSION = YES;
				CLANG_WARN_DEPRECATED_OBJC_IMPLEMENTATIONS = YES;
				CLANG_WARN_DIRECT_OBJC_ISA_USAGE = YES_ERROR;
				CLANG_WARN_DOCUMENTATION_COMMENTS = YES;
				CLANG_WARN_EMPTY_BODY = YES;
				CLANG_WARN_ENUM_CONVERSION = YES;
				CLANG_WARN_INFINITE_RECURSION = YES;
				CLANG_WARN_INT_CONVERSION = YES;
				CLANG_WARN_NON_LITERAL_NULL_CONVERSION = YES;
				CLANG_WARN_OBJC_IMPLICIT_RETAIN_SELF = YES;
				CLANG_WARN_OBJC_LITERAL_CONVERSION = YES;
				CLANG_WARN_OBJC_ROOT_CLASS = YES_ERROR;
				CLANG_WARN_RANGE_LOOP_ANALYSIS = YES;
				CLANG_WARN_STRICT_PROTOTYPES = YES;
				CLANG_WARN_SUSPICIOUS_MOVE = YES;
				CLANG_WARN_UNGUARDED_AVAILABILITY = YES_AGGRESSIVE;
				CLANG_WARN_UNREACHABLE_CODE = YES;
				CLANG_WARN__DUPLICATE_METHOD_MATCH = YES;
				COPY_PHASE_STRIP = NO;
				DEBUG_INFORMATION_FORMAT = dwarf;
				ENABLE_STRICT_OBJC_MSGSEND = YES;
				ENABLE_TESTABILITY = YES;
				GCC_C_LANGUAGE_STANDARD = gnu11;
				GCC_DYNAMIC_NO_PIC = NO;
				GCC_NO_COMMON_BLOCKS = YES;
				GCC_OPTIMIZATION_LEVEL = 0;
				GCC_PREPROCESSOR_DEFINITIONS = (
					"DEBUG=1",
					"$(inherited)",
				);
				GCC_WARN_64_TO_32_BIT_CONVERSION = YES;
				GCC_WARN_ABOUT_RETURN_TYPE = YES_ERROR;
				GCC_WARN_UNDECLARED_SELECTOR = YES;
				GCC_WARN_UNINITIALIZED_AUTOS = YES_AGGRESSIVE;
				GCC_WARN_UNUSED_FUNCTION = YES;
				GCC_WARN_UNUSED_VARIABLE = YES;
				IPHONEOS_DEPLOYMENT_TARGET = 13.2;
				MTL_ENABLE_DEBUG_INFO = INCLUDE_SOURCE;
				MTL_FAST_MATH = YES;
				ONLY_ACTIVE_ARCH = YES;
				SDKROOT = iphoneos;
				SWIFT_ACTIVE_COMPILATION_CONDITIONS = DEBUG;
				SWIFT_OPTIMIZATION_LEVEL = "-Onone";
			};
			name = Debug;
		};
		60318E61238D17EF00F2C3AB /* Release */ = {
			isa = XCBuildConfiguration;
			buildSettings = {
				ALWAYS_SEARCH_USER_PATHS = NO;
				CLANG_ANALYZER_NONNULL = YES;
				CLANG_ANALYZER_NUMBER_OBJECT_CONVERSION = YES_AGGRESSIVE;
				CLANG_CXX_LANGUAGE_STANDARD = "gnu++14";
				CLANG_CXX_LIBRARY = "libc++";
				CLANG_ENABLE_MODULES = YES;
				CLANG_ENABLE_OBJC_ARC = YES;
				CLANG_ENABLE_OBJC_WEAK = YES;
				CLANG_WARN_BLOCK_CAPTURE_AUTORELEASING = YES;
				CLANG_WARN_BOOL_CONVERSION = YES;
				CLANG_WARN_COMMA = YES;
				CLANG_WARN_CONSTANT_CONVERSION = YES;
				CLANG_WARN_DEPRECATED_OBJC_IMPLEMENTATIONS = YES;
				CLANG_WARN_DIRECT_OBJC_ISA_USAGE = YES_ERROR;
				CLANG_WARN_DOCUMENTATION_COMMENTS = YES;
				CLANG_WARN_EMPTY_BODY = YES;
				CLANG_WARN_ENUM_CONVERSION = YES;
				CLANG_WARN_INFINITE_RECURSION = YES;
				CLANG_WARN_INT_CONVERSION = YES;
				CLANG_WARN_NON_LITERAL_NULL_CONVERSION = YES;
				CLANG_WARN_OBJC_IMPLICIT_RETAIN_SELF = YES;
				CLANG_WARN_OBJC_LITERAL_CONVERSION = YES;
				CLANG_WARN_OBJC_ROOT_CLASS = YES_ERROR;
				CLANG_WARN_RANGE_LOOP_ANALYSIS = YES;
				CLANG_WARN_STRICT_PROTOTYPES = YES;
				CLANG_WARN_SUSPICIOUS_MOVE = YES;
				CLANG_WARN_UNGUARDED_AVAILABILITY = YES_AGGRESSIVE;
				CLANG_WARN_UNREACHABLE_CODE = YES;
				CLANG_WARN__DUPLICATE_METHOD_MATCH = YES;
				COPY_PHASE_STRIP = NO;
				DEBUG_INFORMATION_FORMAT = "dwarf-with-dsym";
				ENABLE_NS_ASSERTIONS = NO;
				ENABLE_STRICT_OBJC_MSGSEND = YES;
				GCC_C_LANGUAGE_STANDARD = gnu11;
				GCC_NO_COMMON_BLOCKS = YES;
				GCC_WARN_64_TO_32_BIT_CONVERSION = YES;
				GCC_WARN_ABOUT_RETURN_TYPE = YES_ERROR;
				GCC_WARN_UNDECLARED_SELECTOR = YES;
				GCC_WARN_UNINITIALIZED_AUTOS = YES_AGGRESSIVE;
				GCC_WARN_UNUSED_FUNCTION = YES;
				GCC_WARN_UNUSED_VARIABLE = YES;
				IPHONEOS_DEPLOYMENT_TARGET = 13.2;
				MTL_ENABLE_DEBUG_INFO = NO;
				MTL_FAST_MATH = YES;
				SDKROOT = iphoneos;
				SWIFT_COMPILATION_MODE = wholemodule;
				SWIFT_OPTIMIZATION_LEVEL = "-O";
				VALIDATE_PRODUCT = YES;
			};
			name = Release;
		};
		60318E63238D17EF00F2C3AB /* Debug */ = {
			isa = XCBuildConfiguration;
			buildSettings = {
				ASSETCATALOG_COMPILER_APPICON_NAME = AppIcon;
				CODE_SIGN_STYLE = Automatic;
				DEVELOPMENT_TEAM = 4A3GDCJZQY;
				INFOPLIST_FILE = "saudiClubs1/Supporting Files/Info.plist";
				LD_RUNPATH_SEARCH_PATHS = (
					"$(inherited)",
					"@executable_path/Frameworks",
				);
				PRODUCT_BUNDLE_IDENTIFIER = www.MohamedSamirEG.com.saudiClubs1;
				PRODUCT_NAME = "$(TARGET_NAME)";
				SWIFT_VERSION = 5.0;
				TARGETED_DEVICE_FAMILY = "1,2";
			};
			name = Debug;
		};
		60318E64238D17EF00F2C3AB /* Release */ = {
			isa = XCBuildConfiguration;
			buildSettings = {
				ASSETCATALOG_COMPILER_APPICON_NAME = AppIcon;
				CODE_SIGN_STYLE = Automatic;
				DEVELOPMENT_TEAM = 4A3GDCJZQY;
				INFOPLIST_FILE = "saudiClubs1/Supporting Files/Info.plist";
				LD_RUNPATH_SEARCH_PATHS = (
					"$(inherited)",
					"@executable_path/Frameworks",
				);
				PRODUCT_BUNDLE_IDENTIFIER = www.MohamedSamirEG.com.saudiClubs1;
				PRODUCT_NAME = "$(TARGET_NAME)";
				SWIFT_VERSION = 5.0;
				TARGETED_DEVICE_FAMILY = "1,2";
			};
			name = Release;
		};
/* End XCBuildConfiguration section */

/* Begin XCConfigurationList section */
		60318E49238D17ED00F2C3AB /* Build configuration list for PBXProject "saudiClubs1" */ = {
			isa = XCConfigurationList;
			buildConfigurations = (
				60318E60238D17EF00F2C3AB /* Debug */,
				60318E61238D17EF00F2C3AB /* Release */,
			);
			defaultConfigurationIsVisible = 0;
			defaultConfigurationName = Release;
		};
		60318E62238D17EF00F2C3AB /* Build configuration list for PBXNativeTarget "saudiClubs1" */ = {
			isa = XCConfigurationList;
			buildConfigurations = (
				60318E63238D17EF00F2C3AB /* Debug */,
				60318E64238D17EF00F2C3AB /* Release */,
			);
			defaultConfigurationIsVisible = 0;
			defaultConfigurationName = Release;
		};
/* End XCConfigurationList section */
	};
	rootObject = 60318E46238D17ED00F2C3AB /* Project object */;
}
