// !$*UTF8*$!
{
	archiveVersion = 1;
	classes = {
	};
	objectVersion = 51;
	objects = {

/* Begin PBXBuildFile section */
		600382DC2395354E00DC6604 /* TableViewController.swift in Sources */ = {isa = PBXBuildFile; fileRef = 600382DB2395354E00DC6604 /* TableViewController.swift */; };
		600382E02395438600DC6604 /* AnnouncementTableViewCell.swift in Sources */ = {isa = PBXBuildFile; fileRef = 600382DE2395438600DC6604 /* AnnouncementTableViewCell.swift */; };
		600382E12395438600DC6604 /* AnnouncementTableViewCell.xib in Resources */ = {isa = PBXBuildFile; fileRef = 600382DF2395438600DC6604 /* AnnouncementTableViewCell.xib */; };
		601023AC2395734600F7EDDD /* OnBoardCell.swift in Sources */ = {isa = PBXBuildFile; fileRef = 601023AB2395734500F7EDDD /* OnBoardCell.swift */; };
		6010733F23963F260040419C /* newcell.swift in Sources */ = {isa = PBXBuildFile; fileRef = 6010733E23963F260040419C /* newcell.swift */; };
		601073462396502C0040419C /* API.swift in Sources */ = {isa = PBXBuildFile; fileRef = 601073452396502C0040419C /* API.swift */; };
		60111D192394657800AAB513 /* BaseTableViewCell.swift in Sources */ = {isa = PBXBuildFile; fileRef = 60111D182394657800AAB513 /* BaseTableViewCell.swift */; };
		60111D1D239472A500AAB513 /* FirstBottomCell.swift in Sources */ = {isa = PBXBuildFile; fileRef = 60111D1B239472A400AAB513 /* FirstBottomCell.swift */; };
		60111D1E239472A500AAB513 /* FirstBottomCell.xib in Resources */ = {isa = PBXBuildFile; fileRef = 60111D1C239472A500AAB513 /* FirstBottomCell.xib */; };
		601122EA2395107900A856D2 /* NewsTableViewCell.swift in Sources */ = {isa = PBXBuildFile; fileRef = 601122E82395107900A856D2 /* NewsTableViewCell.swift */; };
		601122EB2395107900A856D2 /* NewsTableViewCell.xib in Resources */ = {isa = PBXBuildFile; fileRef = 601122E92395107900A856D2 /* NewsTableViewCell.xib */; };
		601122ED2395175F00A856D2 /* newsDetailsVC.swift in Sources */ = {isa = PBXBuildFile; fileRef = 601122EC2395175F00A856D2 /* newsDetailsVC.swift */; };
		601123802394475100D739B0 /* BottomMainTableViewCell.swift in Sources */ = {isa = PBXBuildFile; fileRef = 6011237E2394475100D739B0 /* BottomMainTableViewCell.swift */; };
		601123812394475100D739B0 /* BottomMainTableViewCell.xib in Resources */ = {isa = PBXBuildFile; fileRef = 6011237F2394475100D739B0 /* BottomMainTableViewCell.xib */; };
		6011CA4C238E995B00EDDDEC /* completePaymentViewController.swift in Sources */ = {isa = PBXBuildFile; fileRef = 6011CA4B238E995B00EDDDEC /* completePaymentViewController.swift */; };
		6012CC2A238D502200DEB61E /* ResetPasswordViewController1.swift in Sources */ = {isa = PBXBuildFile; fileRef = 6012CC29238D502200DEB61E /* ResetPasswordViewController1.swift */; };
		601342A2238D44B900B8560C /* SignUpViewController.swift in Sources */ = {isa = PBXBuildFile; fileRef = 601342A1238D44B900B8560C /* SignUpViewController.swift */; };
		60136813239E3935004135B8 /* ActivitiesCollectionViewCell.swift in Sources */ = {isa = PBXBuildFile; fileRef = 60136812239E3935004135B8 /* ActivitiesCollectionViewCell.swift */; };
		60136A1D23942060009C88F1 /* NewsViewController.swift in Sources */ = {isa = PBXBuildFile; fileRef = 60136A1C23942060009C88F1 /* NewsViewController.swift */; };
		601435422391AFAD0045348A /* CairoBold.ttf in Resources */ = {isa = PBXBuildFile; fileRef = 601435412391AFAC0045348A /* CairoBold.ttf */; };
		6014430F23992E2E00F37EF9 /* EmailVerificationResponse.swift in Sources */ = {isa = PBXBuildFile; fileRef = 6014430E23992E2E00F37EF9 /* EmailVerificationResponse.swift */; };
		601522662392A6450022EA8F /* ClubsListViewController.swift in Sources */ = {isa = PBXBuildFile; fileRef = 601522652392A6450022EA8F /* ClubsListViewController.swift */; };
		6015226A2392AB3D0022EA8F /* ClubsListMainTableViewCell.swift in Sources */ = {isa = PBXBuildFile; fileRef = 601522682392AB3D0022EA8F /* ClubsListMainTableViewCell.swift */; };
		6015226B2392AB3D0022EA8F /* ClubsListMainTableViewCell.xib in Resources */ = {isa = PBXBuildFile; fileRef = 601522692392AB3D0022EA8F /* ClubsListMainTableViewCell.xib */; };
		601522792392B2F40022EA8F /* ClubsListTableViewCell.swift in Sources */ = {isa = PBXBuildFile; fileRef = 601522772392B2F40022EA8F /* ClubsListTableViewCell.swift */; };
		6015227A2392B2F40022EA8F /* ClubsListTableViewCell.xib in Resources */ = {isa = PBXBuildFile; fileRef = 601522782392B2F40022EA8F /* ClubsListTableViewCell.xib */; };
		6015227C2392C0930022EA8F /* Inspectables.swift in Sources */ = {isa = PBXBuildFile; fileRef = 6015227B2392C0930022EA8F /* Inspectables.swift */; };
		6015E932239254A100A4BE91 /* MyFollwlisrTableViewCell.swift in Sources */ = {isa = PBXBuildFile; fileRef = 6015E930239254A100A4BE91 /* MyFollwlisrTableViewCell.swift */; };
		6015E933239254A100A4BE91 /* MyFollwlisrTableViewCell.xib in Resources */ = {isa = PBXBuildFile; fileRef = 6015E931239254A100A4BE91 /* MyFollwlisrTableViewCell.xib */; };
		6015E9362392608300A4BE91 /* AboutAppViewController.swift in Sources */ = {isa = PBXBuildFile; fileRef = 6015E9352392608300A4BE91 /* AboutAppViewController.swift */; };
		6015E93B2392622800A4BE91 /* CairoRegular.ttf in Resources */ = {isa = PBXBuildFile; fileRef = 6015E9372392622700A4BE91 /* CairoRegular.ttf */; };
		6015E93C2392622800A4BE91 /* CairoBlack.ttf in Resources */ = {isa = PBXBuildFile; fileRef = 6015E9382392622700A4BE91 /* CairoBlack.ttf */; };
		6015E93D2392622800A4BE91 /* CairoExtraLight.ttf in Resources */ = {isa = PBXBuildFile; fileRef = 6015E9392392622700A4BE91 /* CairoExtraLight.ttf */; };
		6015E93E2392622800A4BE91 /* CairoLight.ttf in Resources */ = {isa = PBXBuildFile; fileRef = 6015E93A2392622700A4BE91 /* CairoLight.ttf */; };
		6015E9402392684A00A4BE91 /* ContactUsViewController.swift in Sources */ = {isa = PBXBuildFile; fileRef = 6015E93F2392684A00A4BE91 /* ContactUsViewController.swift */; };
		6015E94223926D7400A4BE91 /* AppTermsViewController.swift in Sources */ = {isa = PBXBuildFile; fileRef = 6015E94123926D7400A4BE91 /* AppTermsViewController.swift */; };
		6017566C239D137E00E4502A /* Spoerts.swift in Sources */ = {isa = PBXBuildFile; fileRef = 6017566B239D137E00E4502A /* Spoerts.swift */; };
		60175670239D41F600E4502A /* ClubNewsCollectionViewCell.swift in Sources */ = {isa = PBXBuildFile; fileRef = 6017566F239D41F600E4502A /* ClubNewsCollectionViewCell.swift */; };
		6017B594238D7528007DC459 /* ResetPasswordViewController2.swift in Sources */ = {isa = PBXBuildFile; fileRef = 6017B593238D7528007DC459 /* ResetPasswordViewController2.swift */; };
		6018E9EB238E5D3C00223203 /* ResetPasswordViewController3.swift in Sources */ = {isa = PBXBuildFile; fileRef = 6018E9EA238E5D3C00223203 /* ResetPasswordViewController3.swift */; };
		6018E9ED238E64B500223203 /* selectPaymentViewController.swift in Sources */ = {isa = PBXBuildFile; fileRef = 6018E9EC238E64B500223203 /* selectPaymentViewController.swift */; };
		6019F198238FAC2C005BE346 /* TextFieldUnderlined.swift in Sources */ = {isa = PBXBuildFile; fileRef = 6019F197238FAC2C005BE346 /* TextFieldUnderlined.swift */; };
		601BA8AC238FC1D6008F6A96 /* TabBarController.swift in Sources */ = {isa = PBXBuildFile; fileRef = 601BA8AB238FC1D6008F6A96 /* TabBarController.swift */; };
		601BA8AF238FC729008F6A96 /* SideMenuViewController.swift in Sources */ = {isa = PBXBuildFile; fileRef = 601BA8AE238FC729008F6A96 /* SideMenuViewController.swift */; };
		601BA8B5238FD3AE008F6A96 /* Constants.swift in Sources */ = {isa = PBXBuildFile; fileRef = 601BA8B4238FD3AE008F6A96 /* Constants.swift */; };
		601BA8B7238FDB3F008F6A96 /* ProfileViewController.swift in Sources */ = {isa = PBXBuildFile; fileRef = 601BA8B6238FDB3F008F6A96 /* ProfileViewController.swift */; };
		601BA8BE238FEF7C008F6A96 /* MyFollowlistViewController.swift in Sources */ = {isa = PBXBuildFile; fileRef = 601BA8BD238FEF7C008F6A96 /* MyFollowlistViewController.swift */; };
		601DF769239670EB00B8BE0D /* LogInResponse.swift in Sources */ = {isa = PBXBuildFile; fileRef = 601DF768239670EB00B8BE0D /* LogInResponse.swift */; };
		601F5CE423915CE400DF1BE6 /* CairoSemiBold.ttf in Resources */ = {isa = PBXBuildFile; fileRef = 601F5CE323915CE400DF1BE6 /* CairoSemiBold.ttf */; };
		602FA08223955A56001C00CF /* FirstCellInDetails.swift in Sources */ = {isa = PBXBuildFile; fileRef = 602FA08123955A56001C00CF /* FirstCellInDetails.swift */; };
		602FA08423955A8D001C00CF /* FirstCellInDetails.xib in Resources */ = {isa = PBXBuildFile; fileRef = 602FA08323955A8D001C00CF /* FirstCellInDetails.xib */; };
		602FA0862395604E001C00CF /* SecondCellInDetails.swift in Sources */ = {isa = PBXBuildFile; fileRef = 602FA0852395604E001C00CF /* SecondCellInDetails.swift */; };
		602FA088239560C4001C00CF /* SecondCellInDetails.xib in Resources */ = {isa = PBXBuildFile; fileRef = 602FA087239560C4001C00CF /* SecondCellInDetails.xib */; };
		60318E52238D17ED00F2C3AB /* AppDelegate.swift in Sources */ = {isa = PBXBuildFile; fileRef = 60318E51238D17ED00F2C3AB /* AppDelegate.swift */; };
		60318E54238D17ED00F2C3AB /* SceneDelegate.swift in Sources */ = {isa = PBXBuildFile; fileRef = 60318E53238D17ED00F2C3AB /* SceneDelegate.swift */; };
		60318E56238D17ED00F2C3AB /* SplashViewController.swift in Sources */ = {isa = PBXBuildFile; fileRef = 60318E55238D17ED00F2C3AB /* SplashViewController.swift */; };
		60318E59238D17ED00F2C3AB /* Main.storyboard in Resources */ = {isa = PBXBuildFile; fileRef = 60318E57238D17ED00F2C3AB /* Main.storyboard */; };
		60318E5B238D17EF00F2C3AB /* Assets.xcassets in Resources */ = {isa = PBXBuildFile; fileRef = 60318E5A238D17EF00F2C3AB /* Assets.xcassets */; };
		60318E5E238D17EF00F2C3AB /* LaunchScreen.storyboard in Resources */ = {isa = PBXBuildFile; fileRef = 60318E5C238D17EF00F2C3AB /* LaunchScreen.storyboard */; };
		60318E6A238D19C900F2C3AB /* LoginViewController.swift in Sources */ = {isa = PBXBuildFile; fileRef = 60318E69238D19C900F2C3AB /* LoginViewController.swift */; };
		60318E77238D1EA800F2C3AB /* ButtonCorners.swift in Sources */ = {isa = PBXBuildFile; fileRef = 60318E6D238D1EA800F2C3AB /* ButtonCorners.swift */; };
		60318E78238D1EA800F2C3AB /* ImageCorners.swift in Sources */ = {isa = PBXBuildFile; fileRef = 60318E6E238D1EA800F2C3AB /* ImageCorners.swift */; };
		60318E79238D1EA800F2C3AB /* LabelCorners.swift in Sources */ = {isa = PBXBuildFile; fileRef = 60318E6F238D1EA800F2C3AB /* LabelCorners.swift */; };
		60318E7A238D1EA800F2C3AB /* TableViewCorners.swift in Sources */ = {isa = PBXBuildFile; fileRef = 60318E70238D1EA800F2C3AB /* TableViewCorners.swift */; };
		60318E7B238D1EA800F2C3AB /* TextFieldCorners.swift in Sources */ = {isa = PBXBuildFile; fileRef = 60318E71238D1EA800F2C3AB /* TextFieldCorners.swift */; };
		60318E7C238D1EA800F2C3AB /* ViewCorners.swift in Sources */ = {isa = PBXBuildFile; fileRef = 60318E72238D1EA800F2C3AB /* ViewCorners.swift */; };
		60318E7D238D1EA800F2C3AB /* ButtonAnimation.swift in Sources */ = {isa = PBXBuildFile; fileRef = 60318E74238D1EA800F2C3AB /* ButtonAnimation.swift */; };
		60318E7E238D1EA800F2C3AB /* TextFieldPadding.swift in Sources */ = {isa = PBXBuildFile; fileRef = 60318E75238D1EA800F2C3AB /* TextFieldPadding.swift */; };
		60318E7F238D1EA800F2C3AB /* TextFiledAnimation.swift in Sources */ = {isa = PBXBuildFile; fileRef = 60318E76238D1EA800F2C3AB /* TextFiledAnimation.swift */; };
		6039C1C62393AC8600F14CB9 /* ClubsListDetailsViewController.swift in Sources */ = {isa = PBXBuildFile; fileRef = 6039C1C52393AC8600F14CB9 /* ClubsListDetailsViewController.swift */; };
		6039C1CA2393ADEA00F14CB9 /* ClubsdetailsCollectionViewCell.swift in Sources */ = {isa = PBXBuildFile; fileRef = 6039C1C82393ADEA00F14CB9 /* ClubsdetailsCollectionViewCell.swift */; };
		6039C1CB2393ADEA00F14CB9 /* ClubsdetailsCollectionViewCell.xib in Resources */ = {isa = PBXBuildFile; fileRef = 6039C1C92393ADEA00F14CB9 /* ClubsdetailsCollectionViewCell.xib */; };
		6039C1D92393C91600F14CB9 /* SliderTableViewCell.swift in Sources */ = {isa = PBXBuildFile; fileRef = 6039C1D72393C91600F14CB9 /* SliderTableViewCell.swift */; };
		6039C1DA2393C91600F14CB9 /* SliderTableViewCell.xib in Resources */ = {isa = PBXBuildFile; fileRef = 6039C1D82393C91600F14CB9 /* SliderTableViewCell.xib */; };
		6039C1E02393CA2200F14CB9 /* SingleCollectionViewCell.swift in Sources */ = {isa = PBXBuildFile; fileRef = 6039C1DE2393CA2100F14CB9 /* SingleCollectionViewCell.swift */; };
		6039C1E12393CA2200F14CB9 /* SingleCollectionViewCell.xib in Resources */ = {isa = PBXBuildFile; fileRef = 6039C1DF2393CA2100F14CB9 /* SingleCollectionViewCell.xib */; };
		6039C1E72393DD8000F14CB9 /* RateClubTableViewCell.swift in Sources */ = {isa = PBXBuildFile; fileRef = 6039C1E52393DD8000F14CB9 /* RateClubTableViewCell.swift */; };
		6039C1E82393DD8000F14CB9 /* RateClubTableViewCell.xib in Resources */ = {isa = PBXBuildFile; fileRef = 6039C1E62393DD8000F14CB9 /* RateClubTableViewCell.xib */; };
		6039C1EC2393E2A100F14CB9 /* ButtonsCollectionViewCell.swift in Sources */ = {isa = PBXBuildFile; fileRef = 6039C1EA2393E2A100F14CB9 /* ButtonsCollectionViewCell.swift */; };
		6039C1ED2393E2A100F14CB9 /* ButtonsCollectionViewCell.xib in Resources */ = {isa = PBXBuildFile; fileRef = 6039C1EB2393E2A100F14CB9 /* ButtonsCollectionViewCell.xib */; };
		6039C1F12393E33C00F14CB9 /* ButtonsCellTableViewCell.swift in Sources */ = {isa = PBXBuildFile; fileRef = 6039C1EF2393E33C00F14CB9 /* ButtonsCellTableViewCell.swift */; };
		6039C1F22393E33C00F14CB9 /* ButtonsCellTableViewCell.xib in Resources */ = {isa = PBXBuildFile; fileRef = 6039C1F02393E33C00F14CB9 /* ButtonsCellTableViewCell.xib */; };
		6096EAC4238EA43B00C9B1FA /* ViewDashedBorder.swift in Sources */ = {isa = PBXBuildFile; fileRef = 6096EAC3238EA43B00C9B1FA /* ViewDashedBorder.swift */; };
		609ABE122397D8D600FD8920 /* RegisterResponse.swift in Sources */ = {isa = PBXBuildFile; fileRef = 609ABE112397D8D600FD8920 /* RegisterResponse.swift */; };
		60A8C5182391DDD500ED056B /* UICollectionView+Generics.swift in Sources */ = {isa = PBXBuildFile; fileRef = 60A8C5152391DDD500ED056B /* UICollectionView+Generics.swift */; };
		60A8C5192391DDD500ED056B /* UITableView+Generics.swift in Sources */ = {isa = PBXBuildFile; fileRef = 60A8C5162391DDD500ED056B /* UITableView+Generics.swift */; };
		60EA6D852395CFE400FE1765 /* ScrollClubListDetailsViewController.swift in Sources */ = {isa = PBXBuildFile; fileRef = 60EA6D842395CFE400FE1765 /* ScrollClubListDetailsViewController.swift */; };
		613AA7853F7157F19D0B9C36 /* Pods_saudiClubs.framework in Frameworks */ = {isa = PBXBuildFile; fileRef = A31F4EEC4B2CAEE8D3A0BF49 /* Pods_saudiClubs.framework */; };
/* End PBXBuildFile section */

/* Begin PBXFileReference section */
		0D04E5563854AFEB7DC1F44E /* Pods-saudiClubs1.debug.xcconfig */ = {isa = PBXFileReference; includeInIndex = 1; lastKnownFileType = text.xcconfig; name = "Pods-saudiClubs1.debug.xcconfig"; path = "Target Support Files/Pods-saudiClubs1/Pods-saudiClubs1.debug.xcconfig"; sourceTree = "<group>"; };
		39C78908CDD2298381973517 /* Pods-saudiClubs.debug.xcconfig */ = {isa = PBXFileReference; includeInIndex = 1; lastKnownFileType = text.xcconfig; name = "Pods-saudiClubs.debug.xcconfig"; path = "Target Support Files/Pods-saudiClubs/Pods-saudiClubs.debug.xcconfig"; sourceTree = "<group>"; };
		5BF87B1CADA54B7C4054A730 /* Pods-saudiClubs1.release.xcconfig */ = {isa = PBXFileReference; includeInIndex = 1; lastKnownFileType = text.xcconfig; name = "Pods-saudiClubs1.release.xcconfig"; path = "Target Support Files/Pods-saudiClubs1/Pods-saudiClubs1.release.xcconfig"; sourceTree = "<group>"; };
		600382DB2395354E00DC6604 /* TableViewController.swift */ = {isa = PBXFileReference; lastKnownFileType = sourcecode.swift; path = TableViewController.swift; sourceTree = "<group>"; };
		600382DE2395438600DC6604 /* AnnouncementTableViewCell.swift */ = {isa = PBXFileReference; lastKnownFileType = sourcecode.swift; path = AnnouncementTableViewCell.swift; sourceTree = "<group>"; };
		600382DF2395438600DC6604 /* AnnouncementTableViewCell.xib */ = {isa = PBXFileReference; lastKnownFileType = file.xib; path = AnnouncementTableViewCell.xib; sourceTree = "<group>"; };
		601023AB2395734500F7EDDD /* OnBoardCell.swift */ = {isa = PBXFileReference; fileEncoding = 4; lastKnownFileType = sourcecode.swift; path = OnBoardCell.swift; sourceTree = "<group>"; };
		6010733E23963F260040419C /* newcell.swift */ = {isa = PBXFileReference; fileEncoding = 4; lastKnownFileType = sourcecode.swift; path = newcell.swift; sourceTree = "<group>"; };
		601073452396502C0040419C /* API.swift */ = {isa = PBXFileReference; fileEncoding = 4; lastKnownFileType = sourcecode.swift; path = API.swift; sourceTree = "<group>"; };
		60111D182394657800AAB513 /* BaseTableViewCell.swift */ = {isa = PBXFileReference; fileEncoding = 4; lastKnownFileType = sourcecode.swift; path = BaseTableViewCell.swift; sourceTree = "<group>"; };
		60111D1B239472A400AAB513 /* FirstBottomCell.swift */ = {isa = PBXFileReference; fileEncoding = 4; lastKnownFileType = sourcecode.swift; path = FirstBottomCell.swift; sourceTree = "<group>"; };
		60111D1C239472A500AAB513 /* FirstBottomCell.xib */ = {isa = PBXFileReference; fileEncoding = 4; lastKnownFileType = file.xib; path = FirstBottomCell.xib; sourceTree = "<group>"; };
		601122E82395107900A856D2 /* NewsTableViewCell.swift */ = {isa = PBXFileReference; lastKnownFileType = sourcecode.swift; path = NewsTableViewCell.swift; sourceTree = "<group>"; };
		601122E92395107900A856D2 /* NewsTableViewCell.xib */ = {isa = PBXFileReference; lastKnownFileType = file.xib; path = NewsTableViewCell.xib; sourceTree = "<group>"; };
		601122EC2395175F00A856D2 /* newsDetailsVC.swift */ = {isa = PBXFileReference; lastKnownFileType = sourcecode.swift; path = newsDetailsVC.swift; sourceTree = "<group>"; };
		6011237E2394475100D739B0 /* BottomMainTableViewCell.swift */ = {isa = PBXFileReference; lastKnownFileType = sourcecode.swift; path = BottomMainTableViewCell.swift; sourceTree = "<group>"; };
		6011237F2394475100D739B0 /* BottomMainTableViewCell.xib */ = {isa = PBXFileReference; lastKnownFileType = file.xib; path = BottomMainTableViewCell.xib; sourceTree = "<group>"; };
		6011CA4B238E995B00EDDDEC /* completePaymentViewController.swift */ = {isa = PBXFileReference; lastKnownFileType = sourcecode.swift; path = completePaymentViewController.swift; sourceTree = "<group>"; };
		6012CC29238D502200DEB61E /* ResetPasswordViewController1.swift */ = {isa = PBXFileReference; lastKnownFileType = sourcecode.swift; path = ResetPasswordViewController1.swift; sourceTree = "<group>"; };
		601342A1238D44B900B8560C /* SignUpViewController.swift */ = {isa = PBXFileReference; lastKnownFileType = sourcecode.swift; path = SignUpViewController.swift; sourceTree = "<group>"; };
		60136812239E3935004135B8 /* ActivitiesCollectionViewCell.swift */ = {isa = PBXFileReference; lastKnownFileType = sourcecode.swift; path = ActivitiesCollectionViewCell.swift; sourceTree = "<group>"; };
		60136A1C23942060009C88F1 /* NewsViewController.swift */ = {isa = PBXFileReference; lastKnownFileType = sourcecode.swift; path = NewsViewController.swift; sourceTree = "<group>"; };
		601435412391AFAC0045348A /* CairoBold.ttf */ = {isa = PBXFileReference; lastKnownFileType = file; path = CairoBold.ttf; sourceTree = "<group>"; };
		6014430E23992E2E00F37EF9 /* EmailVerificationResponse.swift */ = {isa = PBXFileReference; lastKnownFileType = sourcecode.swift; path = EmailVerificationResponse.swift; sourceTree = "<group>"; };
		601522652392A6450022EA8F /* ClubsListViewController.swift */ = {isa = PBXFileReference; lastKnownFileType = sourcecode.swift; path = ClubsListViewController.swift; sourceTree = "<group>"; };
		601522682392AB3D0022EA8F /* ClubsListMainTableViewCell.swift */ = {isa = PBXFileReference; lastKnownFileType = sourcecode.swift; path = ClubsListMainTableViewCell.swift; sourceTree = "<group>"; };
		601522692392AB3D0022EA8F /* ClubsListMainTableViewCell.xib */ = {isa = PBXFileReference; lastKnownFileType = file.xib; path = ClubsListMainTableViewCell.xib; sourceTree = "<group>"; };
		601522772392B2F40022EA8F /* ClubsListTableViewCell.swift */ = {isa = PBXFileReference; lastKnownFileType = sourcecode.swift; path = ClubsListTableViewCell.swift; sourceTree = "<group>"; };
		601522782392B2F40022EA8F /* ClubsListTableViewCell.xib */ = {isa = PBXFileReference; lastKnownFileType = file.xib; path = ClubsListTableViewCell.xib; sourceTree = "<group>"; };
		6015227B2392C0930022EA8F /* Inspectables.swift */ = {isa = PBXFileReference; fileEncoding = 4; lastKnownFileType = sourcecode.swift; path = Inspectables.swift; sourceTree = "<group>"; };
		6015E930239254A100A4BE91 /* MyFollwlisrTableViewCell.swift */ = {isa = PBXFileReference; lastKnownFileType = sourcecode.swift; path = MyFollwlisrTableViewCell.swift; sourceTree = "<group>"; };
		6015E931239254A100A4BE91 /* MyFollwlisrTableViewCell.xib */ = {isa = PBXFileReference; lastKnownFileType = file.xib; path = MyFollwlisrTableViewCell.xib; sourceTree = "<group>"; };
		6015E9352392608300A4BE91 /* AboutAppViewController.swift */ = {isa = PBXFileReference; lastKnownFileType = sourcecode.swift; path = AboutAppViewController.swift; sourceTree = "<group>"; };
		6015E9372392622700A4BE91 /* CairoRegular.ttf */ = {isa = PBXFileReference; lastKnownFileType = file; path = CairoRegular.ttf; sourceTree = "<group>"; };
		6015E9382392622700A4BE91 /* CairoBlack.ttf */ = {isa = PBXFileReference; lastKnownFileType = file; path = CairoBlack.ttf; sourceTree = "<group>"; };
		6015E9392392622700A4BE91 /* CairoExtraLight.ttf */ = {isa = PBXFileReference; lastKnownFileType = file; path = CairoExtraLight.ttf; sourceTree = "<group>"; };
		6015E93A2392622700A4BE91 /* CairoLight.ttf */ = {isa = PBXFileReference; lastKnownFileType = file; path = CairoLight.ttf; sourceTree = "<group>"; };
		6015E93F2392684A00A4BE91 /* ContactUsViewController.swift */ = {isa = PBXFileReference; lastKnownFileType = sourcecode.swift; path = ContactUsViewController.swift; sourceTree = "<group>"; };
		6015E94123926D7400A4BE91 /* AppTermsViewController.swift */ = {isa = PBXFileReference; lastKnownFileType = sourcecode.swift; path = AppTermsViewController.swift; sourceTree = "<group>"; };
		6017566B239D137E00E4502A /* Spoerts.swift */ = {isa = PBXFileReference; lastKnownFileType = sourcecode.swift; path = Spoerts.swift; sourceTree = "<group>"; };
		6017566F239D41F600E4502A /* ClubNewsCollectionViewCell.swift */ = {isa = PBXFileReference; lastKnownFileType = sourcecode.swift; path = ClubNewsCollectionViewCell.swift; sourceTree = "<group>"; };
		6017B593238D7528007DC459 /* ResetPasswordViewController2.swift */ = {isa = PBXFileReference; lastKnownFileType = sourcecode.swift; path = ResetPasswordViewController2.swift; sourceTree = "<group>"; };
		6018E9EA238E5D3C00223203 /* ResetPasswordViewController3.swift */ = {isa = PBXFileReference; lastKnownFileType = sourcecode.swift; path = ResetPasswordViewController3.swift; sourceTree = "<group>"; };
		6018E9EC238E64B500223203 /* selectPaymentViewController.swift */ = {isa = PBXFileReference; lastKnownFileType = sourcecode.swift; path = selectPaymentViewController.swift; sourceTree = "<group>"; };
		6019F197238FAC2C005BE346 /* TextFieldUnderlined.swift */ = {isa = PBXFileReference; lastKnownFileType = sourcecode.swift; path = TextFieldUnderlined.swift; sourceTree = "<group>"; };
		601BA8AB238FC1D6008F6A96 /* TabBarController.swift */ = {isa = PBXFileReference; lastKnownFileType = sourcecode.swift; path = TabBarController.swift; sourceTree = "<group>"; };
		601BA8AE238FC729008F6A96 /* SideMenuViewController.swift */ = {isa = PBXFileReference; lastKnownFileType = sourcecode.swift; path = SideMenuViewController.swift; sourceTree = "<group>"; };
		601BA8B4238FD3AE008F6A96 /* Constants.swift */ = {isa = PBXFileReference; fileEncoding = 4; lastKnownFileType = sourcecode.swift; path = Constants.swift; sourceTree = "<group>"; };
		601BA8B6238FDB3F008F6A96 /* ProfileViewController.swift */ = {isa = PBXFileReference; lastKnownFileType = sourcecode.swift; path = ProfileViewController.swift; sourceTree = "<group>"; };
		601BA8BD238FEF7C008F6A96 /* MyFollowlistViewController.swift */ = {isa = PBXFileReference; lastKnownFileType = sourcecode.swift; path = MyFollowlistViewController.swift; sourceTree = "<group>"; };
		601DF768239670EB00B8BE0D /* LogInResponse.swift */ = {isa = PBXFileReference; lastKnownFileType = sourcecode.swift; path = LogInResponse.swift; sourceTree = "<group>"; };
		601F5CE323915CE400DF1BE6 /* CairoSemiBold.ttf */ = {isa = PBXFileReference; lastKnownFileType = file; path = CairoSemiBold.ttf; sourceTree = "<group>"; };
		602FA08123955A56001C00CF /* FirstCellInDetails.swift */ = {isa = PBXFileReference; lastKnownFileType = sourcecode.swift; path = FirstCellInDetails.swift; sourceTree = "<group>"; };
		602FA08323955A8D001C00CF /* FirstCellInDetails.xib */ = {isa = PBXFileReference; lastKnownFileType = file.xib; path = FirstCellInDetails.xib; sourceTree = "<group>"; };
		602FA0852395604E001C00CF /* SecondCellInDetails.swift */ = {isa = PBXFileReference; lastKnownFileType = sourcecode.swift; path = SecondCellInDetails.swift; sourceTree = "<group>"; };
		602FA087239560C4001C00CF /* SecondCellInDetails.xib */ = {isa = PBXFileReference; lastKnownFileType = file.xib; path = SecondCellInDetails.xib; sourceTree = "<group>"; };
		60318E4E238D17ED00F2C3AB /* saudiClubs.app */ = {isa = PBXFileReference; explicitFileType = wrapper.application; includeInIndex = 0; path = saudiClubs.app; sourceTree = BUILT_PRODUCTS_DIR; };
		60318E51238D17ED00F2C3AB /* AppDelegate.swift */ = {isa = PBXFileReference; lastKnownFileType = sourcecode.swift; path = AppDelegate.swift; sourceTree = "<group>"; };
		60318E53238D17ED00F2C3AB /* SceneDelegate.swift */ = {isa = PBXFileReference; lastKnownFileType = sourcecode.swift; path = SceneDelegate.swift; sourceTree = "<group>"; };
		60318E55238D17ED00F2C3AB /* SplashViewController.swift */ = {isa = PBXFileReference; lastKnownFileType = sourcecode.swift; path = SplashViewController.swift; sourceTree = "<group>"; };
		60318E58238D17ED00F2C3AB /* Base */ = {isa = PBXFileReference; lastKnownFileType = file.storyboard; name = Base; path = Base.lproj/Main.storyboard; sourceTree = "<group>"; };
		60318E5A238D17EF00F2C3AB /* Assets.xcassets */ = {isa = PBXFileReference; lastKnownFileType = folder.assetcatalog; path = Assets.xcassets; sourceTree = "<group>"; };
		60318E5D238D17EF00F2C3AB /* Base */ = {isa = PBXFileReference; lastKnownFileType = file.storyboard; name = Base; path = Base.lproj/LaunchScreen.storyboard; sourceTree = "<group>"; };
		60318E5F238D17EF00F2C3AB /* Info.plist */ = {isa = PBXFileReference; lastKnownFileType = text.plist.xml; path = Info.plist; sourceTree = "<group>"; };
		60318E69238D19C900F2C3AB /* LoginViewController.swift */ = {isa = PBXFileReference; lastKnownFileType = sourcecode.swift; path = LoginViewController.swift; sourceTree = "<group>"; };
		60318E6D238D1EA800F2C3AB /* ButtonCorners.swift */ = {isa = PBXFileReference; fileEncoding = 4; lastKnownFileType = sourcecode.swift; path = ButtonCorners.swift; sourceTree = "<group>"; };
		60318E6E238D1EA800F2C3AB /* ImageCorners.swift */ = {isa = PBXFileReference; fileEncoding = 4; lastKnownFileType = sourcecode.swift; path = ImageCorners.swift; sourceTree = "<group>"; };
		60318E6F238D1EA800F2C3AB /* LabelCorners.swift */ = {isa = PBXFileReference; fileEncoding = 4; lastKnownFileType = sourcecode.swift; path = LabelCorners.swift; sourceTree = "<group>"; };
		60318E70238D1EA800F2C3AB /* TableViewCorners.swift */ = {isa = PBXFileReference; fileEncoding = 4; lastKnownFileType = sourcecode.swift; path = TableViewCorners.swift; sourceTree = "<group>"; };
		60318E71238D1EA800F2C3AB /* TextFieldCorners.swift */ = {isa = PBXFileReference; fileEncoding = 4; lastKnownFileType = sourcecode.swift; path = TextFieldCorners.swift; sourceTree = "<group>"; };
		60318E72238D1EA800F2C3AB /* ViewCorners.swift */ = {isa = PBXFileReference; fileEncoding = 4; lastKnownFileType = sourcecode.swift; path = ViewCorners.swift; sourceTree = "<group>"; };
		60318E74238D1EA800F2C3AB /* ButtonAnimation.swift */ = {isa = PBXFileReference; fileEncoding = 4; lastKnownFileType = sourcecode.swift; path = ButtonAnimation.swift; sourceTree = "<group>"; };
		60318E75238D1EA800F2C3AB /* TextFieldPadding.swift */ = {isa = PBXFileReference; fileEncoding = 4; lastKnownFileType = sourcecode.swift; path = TextFieldPadding.swift; sourceTree = "<group>"; };
		60318E76238D1EA800F2C3AB /* TextFiledAnimation.swift */ = {isa = PBXFileReference; fileEncoding = 4; lastKnownFileType = sourcecode.swift; path = TextFiledAnimation.swift; sourceTree = "<group>"; };
		6039C1C52393AC8600F14CB9 /* ClubsListDetailsViewController.swift */ = {isa = PBXFileReference; lastKnownFileType = sourcecode.swift; path = ClubsListDetailsViewController.swift; sourceTree = "<group>"; };
		6039C1C82393ADEA00F14CB9 /* ClubsdetailsCollectionViewCell.swift */ = {isa = PBXFileReference; lastKnownFileType = sourcecode.swift; path = ClubsdetailsCollectionViewCell.swift; sourceTree = "<group>"; };
		6039C1C92393ADEA00F14CB9 /* ClubsdetailsCollectionViewCell.xib */ = {isa = PBXFileReference; lastKnownFileType = file.xib; path = ClubsdetailsCollectionViewCell.xib; sourceTree = "<group>"; };
		6039C1D72393C91600F14CB9 /* SliderTableViewCell.swift */ = {isa = PBXFileReference; fileEncoding = 4; lastKnownFileType = sourcecode.swift; path = SliderTableViewCell.swift; sourceTree = "<group>"; };
		6039C1D82393C91600F14CB9 /* SliderTableViewCell.xib */ = {isa = PBXFileReference; fileEncoding = 4; lastKnownFileType = file.xib; path = SliderTableViewCell.xib; sourceTree = "<group>"; };
		6039C1DE2393CA2100F14CB9 /* SingleCollectionViewCell.swift */ = {isa = PBXFileReference; fileEncoding = 4; lastKnownFileType = sourcecode.swift; path = SingleCollectionViewCell.swift; sourceTree = "<group>"; };
		6039C1DF2393CA2100F14CB9 /* SingleCollectionViewCell.xib */ = {isa = PBXFileReference; fileEncoding = 4; lastKnownFileType = file.xib; path = SingleCollectionViewCell.xib; sourceTree = "<group>"; };
		6039C1E52393DD8000F14CB9 /* RateClubTableViewCell.swift */ = {isa = PBXFileReference; lastKnownFileType = sourcecode.swift; path = RateClubTableViewCell.swift; sourceTree = "<group>"; };
		6039C1E62393DD8000F14CB9 /* RateClubTableViewCell.xib */ = {isa = PBXFileReference; lastKnownFileType = file.xib; path = RateClubTableViewCell.xib; sourceTree = "<group>"; };
		6039C1EA2393E2A100F14CB9 /* ButtonsCollectionViewCell.swift */ = {isa = PBXFileReference; lastKnownFileType = sourcecode.swift; path = ButtonsCollectionViewCell.swift; sourceTree = "<group>"; };
		6039C1EB2393E2A100F14CB9 /* ButtonsCollectionViewCell.xib */ = {isa = PBXFileReference; lastKnownFileType = file.xib; path = ButtonsCollectionViewCell.xib; sourceTree = "<group>"; };
		6039C1EF2393E33C00F14CB9 /* ButtonsCellTableViewCell.swift */ = {isa = PBXFileReference; lastKnownFileType = sourcecode.swift; path = ButtonsCellTableViewCell.swift; sourceTree = "<group>"; };
		6039C1F02393E33C00F14CB9 /* ButtonsCellTableViewCell.xib */ = {isa = PBXFileReference; lastKnownFileType = file.xib; path = ButtonsCellTableViewCell.xib; sourceTree = "<group>"; };
		6096EAC3238EA43B00C9B1FA /* ViewDashedBorder.swift */ = {isa = PBXFileReference; lastKnownFileType = sourcecode.swift; path = ViewDashedBorder.swift; sourceTree = "<group>"; };
		609ABE112397D8D600FD8920 /* RegisterResponse.swift */ = {isa = PBXFileReference; fileEncoding = 4; lastKnownFileType = sourcecode.swift; path = RegisterResponse.swift; sourceTree = "<group>"; };
		60A8C5152391DDD500ED056B /* UICollectionView+Generics.swift */ = {isa = PBXFileReference; fileEncoding = 4; lastKnownFileType = sourcecode.swift; path = "UICollectionView+Generics.swift"; sourceTree = "<group>"; };
		60A8C5162391DDD500ED056B /* UITableView+Generics.swift */ = {isa = PBXFileReference; fileEncoding = 4; lastKnownFileType = sourcecode.swift; path = "UITableView+Generics.swift"; sourceTree = "<group>"; };
		60EA6D842395CFE400FE1765 /* ScrollClubListDetailsViewController.swift */ = {isa = PBXFileReference; lastKnownFileType = sourcecode.swift; path = ScrollClubListDetailsViewController.swift; sourceTree = "<group>"; };
		A31F4EEC4B2CAEE8D3A0BF49 /* Pods_saudiClubs.framework */ = {isa = PBXFileReference; explicitFileType = wrapper.framework; includeInIndex = 0; path = Pods_saudiClubs.framework; sourceTree = BUILT_PRODUCTS_DIR; };
		F2E6B5E8671D944B4479EE35 /* Pods-saudiClubs.release.xcconfig */ = {isa = PBXFileReference; includeInIndex = 1; lastKnownFileType = text.xcconfig; name = "Pods-saudiClubs.release.xcconfig"; path = "Target Support Files/Pods-saudiClubs/Pods-saudiClubs.release.xcconfig"; sourceTree = "<group>"; };
/* End PBXFileReference section */

/* Begin PBXFrameworksBuildPhase section */
		60318E4B238D17ED00F2C3AB /* Frameworks */ = {
			isa = PBXFrameworksBuildPhase;
			buildActionMask = 2147483647;
			files = (
				613AA7853F7157F19D0B9C36 /* Pods_saudiClubs.framework in Frameworks */,
			);
			runOnlyForDeploymentPostprocessing = 0;
		};
/* End PBXFrameworksBuildPhase section */

/* Begin PBXGroup section */
		600382E22395438D00DC6604 /* AnnouncementTableViewCell */ = {
			isa = PBXGroup;
			children = (
				600382DE2395438600DC6604 /* AnnouncementTableViewCell.swift */,
				600382DF2395438600DC6604 /* AnnouncementTableViewCell.xib */,
			);
			path = AnnouncementTableViewCell;
			sourceTree = "<group>";
		};
		601073442396502C0040419C /* API */ = {
			isa = PBXGroup;
			children = (
				601073452396502C0040419C /* API.swift */,
			);
			path = API;
			sourceTree = "<group>";
		};
		60111D172394657800AAB513 /* BaseTableViewCell */ = {
			isa = PBXGroup;
			children = (
				60111D182394657800AAB513 /* BaseTableViewCell.swift */,
			);
			path = BaseTableViewCell;
			sourceTree = "<group>";
		};
		60111D1A2394727B00AAB513 /* FirstBottomCell */ = {
			isa = PBXGroup;
			children = (
				60111D1B239472A400AAB513 /* FirstBottomCell.swift */,
				60111D1C239472A500AAB513 /* FirstBottomCell.xib */,
			);
			path = FirstBottomCell;
			sourceTree = "<group>";
		};
		601122E72395106000A856D2 /* NewsTableViewCell */ = {
			isa = PBXGroup;
			children = (
				601122E82395107900A856D2 /* NewsTableViewCell.swift */,
				601122E92395107900A856D2 /* NewsTableViewCell.xib */,
			);
			path = NewsTableViewCell;
			sourceTree = "<group>";
		};
		6011237D239446F900D739B0 /* BottomMainTableViewCell */ = {
			isa = PBXGroup;
			children = (
				6039C1EB2393E2A100F14CB9 /* ButtonsCollectionViewCell.xib */,
				6011237E2394475100D739B0 /* BottomMainTableViewCell.swift */,
				6011237F2394475100D739B0 /* BottomMainTableViewCell.xib */,
			);
			path = BottomMainTableViewCell;
			sourceTree = "<group>";
		};
		601522672392AAF00022EA8F /* ClubsListMainTableViewCell */ = {
			isa = PBXGroup;
			children = (
				601522682392AB3D0022EA8F /* ClubsListMainTableViewCell.swift */,
				601522692392AB3D0022EA8F /* ClubsListMainTableViewCell.xib */,
			);
			path = ClubsListMainTableViewCell;
			sourceTree = "<group>";
		};
		601522762392B2B50022EA8F /* ClubsListCell */ = {
			isa = PBXGroup;
			children = (
				601522772392B2F40022EA8F /* ClubsListTableViewCell.swift */,
				601522782392B2F40022EA8F /* ClubsListTableViewCell.xib */,
			);
			path = ClubsListCell;
			sourceTree = "<group>";
		};
		6015E93423925A9500A4BE91 /* MyFollwlisrTableViewCell */ = {
			isa = PBXGroup;
			children = (
				6015E930239254A100A4BE91 /* MyFollwlisrTableViewCell.swift */,
				6015E931239254A100A4BE91 /* MyFollwlisrTableViewCell.xib */,
			);
			path = MyFollwlisrTableViewCell;
			sourceTree = "<group>";
		};
		6019F195238FAA38005BE346 /* Authentication */ = {
			isa = PBXGroup;
			children = (
				60318E55238D17ED00F2C3AB /* SplashViewController.swift */,
				60318E69238D19C900F2C3AB /* LoginViewController.swift */,
				601342A1238D44B900B8560C /* SignUpViewController.swift */,
				6012CC29238D502200DEB61E /* ResetPasswordViewController1.swift */,
				6017B593238D7528007DC459 /* ResetPasswordViewController2.swift */,
				6018E9EA238E5D3C00223203 /* ResetPasswordViewController3.swift */,
			);
			path = Authentication;
			sourceTree = "<group>";
		};
		6019F196238FAA47005BE346 /* Payement */ = {
			isa = PBXGroup;
			children = (
				6018E9EC238E64B500223203 /* selectPaymentViewController.swift */,
				6011CA4B238E995B00EDDDEC /* completePaymentViewController.swift */,
			);
			path = Payement;
			sourceTree = "<group>";
		};
		601BA8AA238FC199008F6A96 /* TabBar */ = {
			isa = PBXGroup;
			children = (
				601BA8BA238FEF0B008F6A96 /* insdie Side Menu */,
				601BA8AB238FC1D6008F6A96 /* TabBarController.swift */,
				601BA8AE238FC729008F6A96 /* SideMenuViewController.swift */,
				601BA8B6238FDB3F008F6A96 /* ProfileViewController.swift */,
				601522652392A6450022EA8F /* ClubsListViewController.swift */,
				6039C1C52393AC8600F14CB9 /* ClubsListDetailsViewController.swift */,
				60EA6D842395CFE400FE1765 /* ScrollClubListDetailsViewController.swift */,
			);
			path = TabBar;
			sourceTree = "<group>";
		};
		601BA8B0238FC955008F6A96 /* Cells */ = {
			isa = PBXGroup;
			children = (
				6010733E23963F260040419C /* newcell.swift */,
				6017566B239D137E00E4502A /* Spoerts.swift */,
				601023AB2395734500F7EDDD /* OnBoardCell.swift */,
				6017566F239D41F600E4502A /* ClubNewsCollectionViewCell.swift */,
				60136812239E3935004135B8 /* ActivitiesCollectionViewCell.swift */,
				602FA08123955A56001C00CF /* FirstCellInDetails.swift */,
				602FA08323955A8D001C00CF /* FirstCellInDetails.xib */,
				602FA0852395604E001C00CF /* SecondCellInDetails.swift */,
				602FA087239560C4001C00CF /* SecondCellInDetails.xib */,
			);
			path = Cells;
			sourceTree = "<group>";
		};
		601BA8B3238FD3AE008F6A96 /* Data */ = {
			isa = PBXGroup;
			children = (
				601BA8B4238FD3AE008F6A96 /* Constants.swift */,
			);
			path = Data;
			sourceTree = "<group>";
		};
		601BA8BA238FEF0B008F6A96 /* insdie Side Menu */ = {
			isa = PBXGroup;
			children = (
				601BA8BD238FEF7C008F6A96 /* MyFollowlistViewController.swift */,
				6015E9352392608300A4BE91 /* AboutAppViewController.swift */,
				6015E93F2392684A00A4BE91 /* ContactUsViewController.swift */,
				6015E94123926D7400A4BE91 /* AppTermsViewController.swift */,
				60136A1C23942060009C88F1 /* NewsViewController.swift */,
				601122EC2395175F00A856D2 /* newsDetailsVC.swift */,
			);
			path = "insdie Side Menu";
			sourceTree = "<group>";
		};
		601F5CE223915CCB00DF1BE6 /* Fonts */ = {
			isa = PBXGroup;
			children = (
				601F5CE323915CE400DF1BE6 /* CairoSemiBold.ttf */,
				601435412391AFAC0045348A /* CairoBold.ttf */,
				6015E9382392622700A4BE91 /* CairoBlack.ttf */,
				6015E9392392622700A4BE91 /* CairoExtraLight.ttf */,
				6015E93A2392622700A4BE91 /* CairoLight.ttf */,
				6015E9372392622700A4BE91 /* CairoRegular.ttf */,
			);
			path = Fonts;
			sourceTree = "<group>";
		};
		60318E45238D17ED00F2C3AB = {
			isa = PBXGroup;
			children = (
				60318E50238D17ED00F2C3AB /* saudiClubs */,
				60318E4F238D17ED00F2C3AB /* Products */,
				C3751E47EA43BF0201249A22 /* Pods */,
				EC00478021884F09D70DFB3E /* Frameworks */,
			);
			sourceTree = "<group>";
		};
		60318E4F238D17ED00F2C3AB /* Products */ = {
			isa = PBXGroup;
			children = (
				60318E4E238D17ED00F2C3AB /* saudiClubs.app */,
			);
			name = Products;
			sourceTree = "<group>";
		};
		60318E50238D17ED00F2C3AB /* saudiClubs */ = {
			isa = PBXGroup;
			children = (
				60318E68238D181A00F2C3AB /* Supporting Files */,
				601F5CE223915CCB00DF1BE6 /* Fonts */,
				601BA8B3238FD3AE008F6A96 /* Data */,
				60318E6B238D1EA800F2C3AB /* Layout */,
				60A8C5132391DDD500ED056B /* Extention */,
				601073442396502C0040419C /* API */,
				60318E67238D180700F2C3AB /* Model */,
				60318E66238D180200F2C3AB /* View */,
				600382DB2395354E00DC6604 /* TableViewController.swift */,
				60318E65238D17FF00F2C3AB /* Controller */,
			);
			path = saudiClubs;
			sourceTree = "<group>";
		};
		60318E65238D17FF00F2C3AB /* Controller */ = {
			isa = PBXGroup;
			children = (
				6019F195238FAA38005BE346 /* Authentication */,
				6019F196238FAA47005BE346 /* Payement */,
				601BA8AA238FC199008F6A96 /* TabBar */,
			);
			path = Controller;
			sourceTree = "<group>";
		};
		60318E66238D180200F2C3AB /* View */ = {
			isa = PBXGroup;
			children = (
				60318E57238D17ED00F2C3AB /* Main.storyboard */,
				6015E93423925A9500A4BE91 /* MyFollwlisrTableViewCell */,
				601522672392AAF00022EA8F /* ClubsListMainTableViewCell */,
				6039C1C72393ADA500F14CB9 /* ClubsdetailsCollectionViewCell */,
				6039C1E32393D29400F14CB9 /* slider */,
				60111D1A2394727B00AAB513 /* FirstBottomCell */,
				601522762392B2B50022EA8F /* ClubsListCell */,
				6039C1E42393DCF900F14CB9 /* RateClubTableViewCell */,
				60111D172394657800AAB513 /* BaseTableViewCell */,
				6039C1E92393E26300F14CB9 /* BottomButtonsWithView */,
				601122E72395106000A856D2 /* NewsTableViewCell */,
				600382E22395438D00DC6604 /* AnnouncementTableViewCell */,
				601BA8B0238FC955008F6A96 /* Cells */,
			);
			path = View;
			sourceTree = "<group>";
		};
		60318E67238D180700F2C3AB /* Model */ = {
			isa = PBXGroup;
			children = (
				601DF768239670EB00B8BE0D /* LogInResponse.swift */,
				609ABE112397D8D600FD8920 /* RegisterResponse.swift */,
				6014430E23992E2E00F37EF9 /* EmailVerificationResponse.swift */,
			);
			path = Model;
			sourceTree = "<group>";
		};
		60318E68238D181A00F2C3AB /* Supporting Files */ = {
			isa = PBXGroup;
			children = (
				60318E51238D17ED00F2C3AB /* AppDelegate.swift */,
				60318E53238D17ED00F2C3AB /* SceneDelegate.swift */,
				6015227B2392C0930022EA8F /* Inspectables.swift */,
				60318E5A238D17EF00F2C3AB /* Assets.xcassets */,
				60318E5C238D17EF00F2C3AB /* LaunchScreen.storyboard */,
				60318E5F238D17EF00F2C3AB /* Info.plist */,
			);
			path = "Supporting Files";
			sourceTree = "<group>";
		};
		60318E6B238D1EA800F2C3AB /* Layout */ = {
			isa = PBXGroup;
			children = (
				60318E6C238D1EA800F2C3AB /* Classes */,
				60318E73238D1EA800F2C3AB /* Extensions */,
			);
			path = Layout;
			sourceTree = "<group>";
		};
		60318E6C238D1EA800F2C3AB /* Classes */ = {
			isa = PBXGroup;
			children = (
				60318E6D238D1EA800F2C3AB /* ButtonCorners.swift */,
				60318E6E238D1EA800F2C3AB /* ImageCorners.swift */,
				60318E6F238D1EA800F2C3AB /* LabelCorners.swift */,
				60318E70238D1EA800F2C3AB /* TableViewCorners.swift */,
				60318E71238D1EA800F2C3AB /* TextFieldCorners.swift */,
				60318E72238D1EA800F2C3AB /* ViewCorners.swift */,
			);
			path = Classes;
			sourceTree = "<group>";
		};
		60318E73238D1EA800F2C3AB /* Extensions */ = {
			isa = PBXGroup;
			children = (
				60318E74238D1EA800F2C3AB /* ButtonAnimation.swift */,
				60318E75238D1EA800F2C3AB /* TextFieldPadding.swift */,
				60318E76238D1EA800F2C3AB /* TextFiledAnimation.swift */,
				6096EAC3238EA43B00C9B1FA /* ViewDashedBorder.swift */,
				6019F197238FAC2C005BE346 /* TextFieldUnderlined.swift */,
			);
			path = Extensions;
			sourceTree = "<group>";
		};
		6039C1C72393ADA500F14CB9 /* ClubsdetailsCollectionViewCell */ = {
			isa = PBXGroup;
			children = (
				6039C1C82393ADEA00F14CB9 /* ClubsdetailsCollectionViewCell.swift */,
				6039C1C92393ADEA00F14CB9 /* ClubsdetailsCollectionViewCell.xib */,
			);
			path = ClubsdetailsCollectionViewCell;
			sourceTree = "<group>";
		};
		6039C1D62393C91600F14CB9 /* SliderTableViewCell */ = {
			isa = PBXGroup;
			children = (
				6039C1D72393C91600F14CB9 /* SliderTableViewCell.swift */,
				6039C1D82393C91600F14CB9 /* SliderTableViewCell.xib */,
			);
			path = SliderTableViewCell;
			sourceTree = "<group>";
		};
		6039C1DD2393CA2100F14CB9 /* SingleCollectionViewCell */ = {
			isa = PBXGroup;
			children = (
				6039C1DE2393CA2100F14CB9 /* SingleCollectionViewCell.swift */,
				6039C1DF2393CA2100F14CB9 /* SingleCollectionViewCell.xib */,
			);
			path = SingleCollectionViewCell;
			sourceTree = "<group>";
		};
		6039C1E32393D29400F14CB9 /* slider */ = {
			isa = PBXGroup;
			children = (
				6039C1D62393C91600F14CB9 /* SliderTableViewCell */,
				6039C1DD2393CA2100F14CB9 /* SingleCollectionViewCell */,
			);
			path = slider;
			sourceTree = "<group>";
		};
		6039C1E42393DCF900F14CB9 /* RateClubTableViewCell */ = {
			isa = PBXGroup;
			children = (
				6039C1E52393DD8000F14CB9 /* RateClubTableViewCell.swift */,
				6039C1E62393DD8000F14CB9 /* RateClubTableViewCell.xib */,
			);
			path = RateClubTableViewCell;
			sourceTree = "<group>";
		};
		6039C1E92393E26300F14CB9 /* BottomButtonsWithView */ = {
			isa = PBXGroup;
			children = (
				6039C1F32393E34B00F14CB9 /* ButtonsCellTableViewCell */,
				6039C1EE2393E2C300F14CB9 /* ButtonsCollectionViewCell */,
				6011237D239446F900D739B0 /* BottomMainTableViewCell */,
			);
			path = BottomButtonsWithView;
			sourceTree = "<group>";
		};
		6039C1EE2393E2C300F14CB9 /* ButtonsCollectionViewCell */ = {
			isa = PBXGroup;
			children = (
				6039C1EA2393E2A100F14CB9 /* ButtonsCollectionViewCell.swift */,
			);
			path = ButtonsCollectionViewCell;
			sourceTree = "<group>";
		};
		6039C1F32393E34B00F14CB9 /* ButtonsCellTableViewCell */ = {
			isa = PBXGroup;
			children = (
				6039C1EF2393E33C00F14CB9 /* ButtonsCellTableViewCell.swift */,
				6039C1F02393E33C00F14CB9 /* ButtonsCellTableViewCell.xib */,
			);
			path = ButtonsCellTableViewCell;
			sourceTree = "<group>";
		};
		60A8C5132391DDD500ED056B /* Extention */ = {
			isa = PBXGroup;
			children = (
				60A8C5152391DDD500ED056B /* UICollectionView+Generics.swift */,
				60A8C5162391DDD500ED056B /* UITableView+Generics.swift */,
			);
			path = Extention;
			sourceTree = "<group>";
		};
		C3751E47EA43BF0201249A22 /* Pods */ = {
			isa = PBXGroup;
			children = (
				0D04E5563854AFEB7DC1F44E /* Pods-saudiClubs1.debug.xcconfig */,
				5BF87B1CADA54B7C4054A730 /* Pods-saudiClubs1.release.xcconfig */,
				39C78908CDD2298381973517 /* Pods-saudiClubs.debug.xcconfig */,
				F2E6B5E8671D944B4479EE35 /* Pods-saudiClubs.release.xcconfig */,
			);
			path = Pods;
			sourceTree = "<group>";
		};
		EC00478021884F09D70DFB3E /* Frameworks */ = {
			isa = PBXGroup;
			children = (
				A31F4EEC4B2CAEE8D3A0BF49 /* Pods_saudiClubs.framework */,
			);
			name = Frameworks;
			sourceTree = "<group>";
		};
/* End PBXGroup section */

/* Begin PBXNativeTarget section */
		60318E4D238D17ED00F2C3AB /* saudiClubs */ = {
			isa = PBXNativeTarget;
			buildConfigurationList = 60318E62238D17EF00F2C3AB /* Build configuration list for PBXNativeTarget "saudiClubs" */;
			buildPhases = (
				6131930F1C714EBD74733365 /* [CP] Check Pods Manifest.lock */,
				60318E4A238D17ED00F2C3AB /* Sources */,
				60318E4B238D17ED00F2C3AB /* Frameworks */,
				60318E4C238D17ED00F2C3AB /* Resources */,
				086C2265826C974F7E5E3126 /* [CP] Embed Pods Frameworks */,
			);
			buildRules = (
			);
			dependencies = (
			);
			name = saudiClubs;
			productName = saudiClubs1;
			productReference = 60318E4E238D17ED00F2C3AB /* saudiClubs.app */;
			productType = "com.apple.product-type.application";
		};
/* End PBXNativeTarget section */

/* Begin PBXProject section */
		60318E46238D17ED00F2C3AB /* Project object */ = {
			isa = PBXProject;
			attributes = {
				LastSwiftUpdateCheck = 1120;
				LastUpgradeCheck = 1120;
				ORGANIZATIONNAME = "Mohamed Samir";
				TargetAttributes = {
					60318E4D238D17ED00F2C3AB = {
						CreatedOnToolsVersion = 11.2.1;
					};
				};
			};
			buildConfigurationList = 60318E49238D17ED00F2C3AB /* Build configuration list for PBXProject "saudiClubs" */;
			compatibilityVersion = "Xcode 9.3";
			developmentRegion = en;
			hasScannedForEncodings = 0;
			knownRegions = (
				en,
				Base,
			);
			mainGroup = 60318E45238D17ED00F2C3AB;
			productRefGroup = 60318E4F238D17ED00F2C3AB /* Products */;
			projectDirPath = "";
			projectRoot = "";
			targets = (
				60318E4D238D17ED00F2C3AB /* saudiClubs */,
			);
		};
/* End PBXProject section */

/* Begin PBXResourcesBuildPhase section */
		60318E4C238D17ED00F2C3AB /* Resources */ = {
			isa = PBXResourcesBuildPhase;
			buildActionMask = 2147483647;
			files = (
				6015E93E2392622800A4BE91 /* CairoLight.ttf in Resources */,
				6039C1F22393E33C00F14CB9 /* ButtonsCellTableViewCell.xib in Resources */,
				600382E12395438600DC6604 /* AnnouncementTableViewCell.xib in Resources */,
				601F5CE423915CE400DF1BE6 /* CairoSemiBold.ttf in Resources */,
				6015226B2392AB3D0022EA8F /* ClubsListMainTableViewCell.xib in Resources */,
				6015E93B2392622800A4BE91 /* CairoRegular.ttf in Resources */,
				602FA08423955A8D001C00CF /* FirstCellInDetails.xib in Resources */,
				6039C1E12393CA2200F14CB9 /* SingleCollectionViewCell.xib in Resources */,
				601435422391AFAD0045348A /* CairoBold.ttf in Resources */,
				6015E93C2392622800A4BE91 /* CairoBlack.ttf in Resources */,
				601123812394475100D739B0 /* BottomMainTableViewCell.xib in Resources */,
				6039C1CB2393ADEA00F14CB9 /* ClubsdetailsCollectionViewCell.xib in Resources */,
				601122EB2395107900A856D2 /* NewsTableViewCell.xib in Resources */,
				6015E93D2392622800A4BE91 /* CairoExtraLight.ttf in Resources */,
				6015227A2392B2F40022EA8F /* ClubsListTableViewCell.xib in Resources */,
				60318E5E238D17EF00F2C3AB /* LaunchScreen.storyboard in Resources */,
				60318E5B238D17EF00F2C3AB /* Assets.xcassets in Resources */,
				602FA088239560C4001C00CF /* SecondCellInDetails.xib in Resources */,
				6015E933239254A100A4BE91 /* MyFollwlisrTableViewCell.xib in Resources */,
				6039C1DA2393C91600F14CB9 /* SliderTableViewCell.xib in Resources */,
				6039C1ED2393E2A100F14CB9 /* ButtonsCollectionViewCell.xib in Resources */,
				60111D1E239472A500AAB513 /* FirstBottomCell.xib in Resources */,
				60318E59238D17ED00F2C3AB /* Main.storyboard in Resources */,
				6039C1E82393DD8000F14CB9 /* RateClubTableViewCell.xib in Resources */,
			);
			runOnlyForDeploymentPostprocessing = 0;
		};
/* End PBXResourcesBuildPhase section */

/* Begin PBXShellScriptBuildPhase section */
		086C2265826C974F7E5E3126 /* [CP] Embed Pods Frameworks */ = {
			isa = PBXShellScriptBuildPhase;
			buildActionMask = 2147483647;
			files = (
			);
			inputFileListPaths = (
				"${PODS_ROOT}/Target Support Files/Pods-saudiClubs/Pods-saudiClubs-frameworks-${CONFIGURATION}-input-files.xcfilelist",
			);
			name = "[CP] Embed Pods Frameworks";
			outputFileListPaths = (
				"${PODS_ROOT}/Target Support Files/Pods-saudiClubs/Pods-saudiClubs-frameworks-${CONFIGURATION}-output-files.xcfilelist",
			);
			runOnlyForDeploymentPostprocessing = 0;
			shellPath = /bin/sh;
			shellScript = "\"${PODS_ROOT}/Target Support Files/Pods-saudiClubs/Pods-saudiClubs-frameworks.sh\"\n";
			showEnvVarsInLog = 0;
		};
		6131930F1C714EBD74733365 /* [CP] Check Pods Manifest.lock */ = {
			isa = PBXShellScriptBuildPhase;
			buildActionMask = 2147483647;
			files = (
			);
			inputFileListPaths = (
			);
			inputPaths = (
				"${PODS_PODFILE_DIR_PATH}/Podfile.lock",
				"${PODS_ROOT}/Manifest.lock",
			);
			name = "[CP] Check Pods Manifest.lock";
			outputFileListPaths = (
			);
			outputPaths = (
				"$(DERIVED_FILE_DIR)/Pods-saudiClubs-checkManifestLockResult.txt",
			);
			runOnlyForDeploymentPostprocessing = 0;
			shellPath = /bin/sh;
			shellScript = "diff \"${PODS_PODFILE_DIR_PATH}/Podfile.lock\" \"${PODS_ROOT}/Manifest.lock\" > /dev/null\nif [ $? != 0 ] ; then\n    # print error to STDERR\n    echo \"error: The sandbox is not in sync with the Podfile.lock. Run 'pod install' or update your CocoaPods installation.\" >&2\n    exit 1\nfi\n# This output is used by Xcode 'outputs' to avoid re-running this script phase.\necho \"SUCCESS\" > \"${SCRIPT_OUTPUT_FILE_0}\"\n";
			showEnvVarsInLog = 0;
		};
/* End PBXShellScriptBuildPhase section */

/* Begin PBXSourcesBuildPhase section */
		60318E4A238D17ED00F2C3AB /* Sources */ = {
			isa = PBXSourcesBuildPhase;
			buildActionMask = 2147483647;
			files = (
				601522662392A6450022EA8F /* ClubsListViewController.swift in Sources */,
				6039C1D92393C91600F14CB9 /* SliderTableViewCell.swift in Sources */,
				6010733F23963F260040419C /* newcell.swift in Sources */,
				601DF769239670EB00B8BE0D /* LogInResponse.swift in Sources */,
				600382E02395438600DC6604 /* AnnouncementTableViewCell.swift in Sources */,
				601122EA2395107900A856D2 /* NewsTableViewCell.swift in Sources */,
				601BA8B5238FD3AE008F6A96 /* Constants.swift in Sources */,
				60318E7F238D1EA800F2C3AB /* TextFiledAnimation.swift in Sources */,
				6015E94223926D7400A4BE91 /* AppTermsViewController.swift in Sources */,
				6011CA4C238E995B00EDDDEC /* completePaymentViewController.swift in Sources */,
				6018E9ED238E64B500223203 /* selectPaymentViewController.swift in Sources */,
				60318E7A238D1EA800F2C3AB /* TableViewCorners.swift in Sources */,
				6015E932239254A100A4BE91 /* MyFollwlisrTableViewCell.swift in Sources */,
				6015226A2392AB3D0022EA8F /* ClubsListMainTableViewCell.swift in Sources */,
				60A8C5182391DDD500ED056B /* UICollectionView+Generics.swift in Sources */,
				6017566C239D137E00E4502A /* Spoerts.swift in Sources */,
				601073462396502C0040419C /* API.swift in Sources */,
				6039C1E02393CA2200F14CB9 /* SingleCollectionViewCell.swift in Sources */,
				60136813239E3935004135B8 /* ActivitiesCollectionViewCell.swift in Sources */,
				60318E7D238D1EA800F2C3AB /* ButtonAnimation.swift in Sources */,
				6096EAC4238EA43B00C9B1FA /* ViewDashedBorder.swift in Sources */,
				6039C1F12393E33C00F14CB9 /* ButtonsCellTableViewCell.swift in Sources */,
				6018E9EB238E5D3C00223203 /* ResetPasswordViewController3.swift in Sources */,
				6015E9402392684A00A4BE91 /* ContactUsViewController.swift in Sources */,
				601522792392B2F40022EA8F /* ClubsListTableViewCell.swift in Sources */,
				601BA8BE238FEF7C008F6A96 /* MyFollowlistViewController.swift in Sources */,
				60318E6A238D19C900F2C3AB /* LoginViewController.swift in Sources */,
				6039C1C62393AC8600F14CB9 /* ClubsListDetailsViewController.swift in Sources */,
				6039C1EC2393E2A100F14CB9 /* ButtonsCollectionViewCell.swift in Sources */,
				600382DC2395354E00DC6604 /* TableViewController.swift in Sources */,
				601BA8B7238FDB3F008F6A96 /* ProfileViewController.swift in Sources */,
				60EA6D852395CFE400FE1765 /* ScrollClubListDetailsViewController.swift in Sources */,
				6017B594238D7528007DC459 /* ResetPasswordViewController2.swift in Sources */,
				601023AC2395734600F7EDDD /* OnBoardCell.swift in Sources */,
				60A8C5192391DDD500ED056B /* UITableView+Generics.swift in Sources */,
				609ABE122397D8D600FD8920 /* RegisterResponse.swift in Sources */,
				60318E7B238D1EA800F2C3AB /* TextFieldCorners.swift in Sources */,
				60111D192394657800AAB513 /* BaseTableViewCell.swift in Sources */,
				60318E7C238D1EA800F2C3AB /* ViewCorners.swift in Sources */,
				60111D1D239472A500AAB513 /* FirstBottomCell.swift in Sources */,
				6015227C2392C0930022EA8F /* Inspectables.swift in Sources */,
				60318E77238D1EA800F2C3AB /* ButtonCorners.swift in Sources */,
				6014430F23992E2E00F37EF9 /* EmailVerificationResponse.swift in Sources */,
				60318E79238D1EA800F2C3AB /* LabelCorners.swift in Sources */,
				601BA8AC238FC1D6008F6A96 /* TabBarController.swift in Sources */,
				6039C1CA2393ADEA00F14CB9 /* ClubsdetailsCollectionViewCell.swift in Sources */,
				60136A1D23942060009C88F1 /* NewsViewController.swift in Sources */,
				601342A2238D44B900B8560C /* SignUpViewController.swift in Sources */,
				601122ED2395175F00A856D2 /* newsDetailsVC.swift in Sources */,
				602FA0862395604E001C00CF /* SecondCellInDetails.swift in Sources */,
				60318E78238D1EA800F2C3AB /* ImageCorners.swift in Sources */,
				60318E56238D17ED00F2C3AB /* SplashViewController.swift in Sources */,
				601123802394475100D739B0 /* BottomMainTableViewCell.swift in Sources */,
				60318E7E238D1EA800F2C3AB /* TextFieldPadding.swift in Sources */,
				6039C1E72393DD8000F14CB9 /* RateClubTableViewCell.swift in Sources */,
				6015E9362392608300A4BE91 /* AboutAppViewController.swift in Sources */,
				6019F198238FAC2C005BE346 /* TextFieldUnderlined.swift in Sources */,
				60175670239D41F600E4502A /* ClubNewsCollectionViewCell.swift in Sources */,
				601BA8AF238FC729008F6A96 /* SideMenuViewController.swift in Sources */,
				602FA08223955A56001C00CF /* FirstCellInDetails.swift in Sources */,
				6012CC2A238D502200DEB61E /* ResetPasswordViewController1.swift in Sources */,
				60318E52238D17ED00F2C3AB /* AppDelegate.swift in Sources */,
				60318E54238D17ED00F2C3AB /* SceneDelegate.swift in Sources */,
			);
			runOnlyForDeploymentPostprocessing = 0;
		};
/* End PBXSourcesBuildPhase section */

/* Begin PBXVariantGroup section */
		60318E57238D17ED00F2C3AB /* Main.storyboard */ = {
			isa = PBXVariantGroup;
			children = (
				60318E58238D17ED00F2C3AB /* Base */,
			);
			name = Main.storyboard;
			sourceTree = "<group>";
		};
		60318E5C238D17EF00F2C3AB /* LaunchScreen.storyboard */ = {
			isa = PBXVariantGroup;
			children = (
				60318E5D238D17EF00F2C3AB /* Base */,
			);
			name = LaunchScreen.storyboard;
			sourceTree = "<group>";
		};
/* End PBXVariantGroup section */

/* Begin XCBuildConfiguration section */
		60318E60238D17EF00F2C3AB /* Debug */ = {
			isa = XCBuildConfiguration;
			buildSettings = {
				ALWAYS_SEARCH_USER_PATHS = NO;
				CLANG_ANALYZER_NONNULL = YES;
				CLANG_ANALYZER_NUMBER_OBJECT_CONVERSION = YES_AGGRESSIVE;
				CLANG_CXX_LANGUAGE_STANDARD = "gnu++14";
				CLANG_CXX_LIBRARY = "libc++";
				CLANG_ENABLE_MODULES = YES;
				CLANG_ENABLE_OBJC_ARC = YES;
				CLANG_ENABLE_OBJC_WEAK = YES;
				CLANG_WARN_BLOCK_CAPTURE_AUTORELEASING = YES;
				CLANG_WARN_BOOL_CONVERSION = YES;
				CLANG_WARN_COMMA = YES;
				CLANG_WARN_CONSTANT_CONVERSION = YES;
				CLANG_WARN_DEPRECATED_OBJC_IMPLEMENTATIONS = YES;
				CLANG_WARN_DIRECT_OBJC_ISA_USAGE = YES_ERROR;
				CLANG_WARN_DOCUMENTATION_COMMENTS = YES;
				CLANG_WARN_EMPTY_BODY = YES;
				CLANG_WARN_ENUM_CONVERSION = YES;
				CLANG_WARN_INFINITE_RECURSION = YES;
				CLANG_WARN_INT_CONVERSION = YES;
				CLANG_WARN_NON_LITERAL_NULL_CONVERSION = YES;
				CLANG_WARN_OBJC_IMPLICIT_RETAIN_SELF = YES;
				CLANG_WARN_OBJC_LITERAL_CONVERSION = YES;
				CLANG_WARN_OBJC_ROOT_CLASS = YES_ERROR;
				CLANG_WARN_RANGE_LOOP_ANALYSIS = YES;
				CLANG_WARN_STRICT_PROTOTYPES = YES;
				CLANG_WARN_SUSPICIOUS_MOVE = YES;
				CLANG_WARN_UNGUARDED_AVAILABILITY = YES_AGGRESSIVE;
				CLANG_WARN_UNREACHABLE_CODE = YES;
				CLANG_WARN__DUPLICATE_METHOD_MATCH = YES;
				COPY_PHASE_STRIP = NO;
				DEBUG_INFORMATION_FORMAT = dwarf;
				ENABLE_STRICT_OBJC_MSGSEND = YES;
				ENABLE_TESTABILITY = YES;
				GCC_C_LANGUAGE_STANDARD = gnu11;
				GCC_DYNAMIC_NO_PIC = NO;
				GCC_NO_COMMON_BLOCKS = YES;
				GCC_OPTIMIZATION_LEVEL = 0;
				GCC_PREPROCESSOR_DEFINITIONS = (
					"DEBUG=1",
					"$(inherited)",
				);
				GCC_WARN_64_TO_32_BIT_CONVERSION = YES;
				GCC_WARN_ABOUT_RETURN_TYPE = YES_ERROR;
				GCC_WARN_UNDECLARED_SELECTOR = YES;
				GCC_WARN_UNINITIALIZED_AUTOS = YES_AGGRESSIVE;
				GCC_WARN_UNUSED_FUNCTION = YES;
				GCC_WARN_UNUSED_VARIABLE = YES;
				IPHONEOS_DEPLOYMENT_TARGET = 13.0;
				MTL_ENABLE_DEBUG_INFO = INCLUDE_SOURCE;
				MTL_FAST_MATH = YES;
				ONLY_ACTIVE_ARCH = YES;
				SDKROOT = iphoneos;
				SWIFT_ACTIVE_COMPILATION_CONDITIONS = DEBUG;
				SWIFT_OPTIMIZATION_LEVEL = "-Onone";
			};
			name = Debug;
		};
		60318E61238D17EF00F2C3AB /* Release */ = {
			isa = XCBuildConfiguration;
			buildSettings = {
				ALWAYS_SEARCH_USER_PATHS = NO;
				CLANG_ANALYZER_NONNULL = YES;
				CLANG_ANALYZER_NUMBER_OBJECT_CONVERSION = YES_AGGRESSIVE;
				CLANG_CXX_LANGUAGE_STANDARD = "gnu++14";
				CLANG_CXX_LIBRARY = "libc++";
				CLANG_ENABLE_MODULES = YES;
				CLANG_ENABLE_OBJC_ARC = YES;
				CLANG_ENABLE_OBJC_WEAK = YES;
				CLANG_WARN_BLOCK_CAPTURE_AUTORELEASING = YES;
				CLANG_WARN_BOOL_CONVERSION = YES;
				CLANG_WARN_COMMA = YES;
				CLANG_WARN_CONSTANT_CONVERSION = YES;
				CLANG_WARN_DEPRECATED_OBJC_IMPLEMENTATIONS = YES;
				CLANG_WARN_DIRECT_OBJC_ISA_USAGE = YES_ERROR;
				CLANG_WARN_DOCUMENTATION_COMMENTS = YES;
				CLANG_WARN_EMPTY_BODY = YES;
				CLANG_WARN_ENUM_CONVERSION = YES;
				CLANG_WARN_INFINITE_RECURSION = YES;
				CLANG_WARN_INT_CONVERSION = YES;
				CLANG_WARN_NON_LITERAL_NULL_CONVERSION = YES;
				CLANG_WARN_OBJC_IMPLICIT_RETAIN_SELF = YES;
				CLANG_WARN_OBJC_LITERAL_CONVERSION = YES;
				CLANG_WARN_OBJC_ROOT_CLASS = YES_ERROR;
				CLANG_WARN_RANGE_LOOP_ANALYSIS = YES;
				CLANG_WARN_STRICT_PROTOTYPES = YES;
				CLANG_WARN_SUSPICIOUS_MOVE = YES;
				CLANG_WARN_UNGUARDED_AVAILABILITY = YES_AGGRESSIVE;
				CLANG_WARN_UNREACHABLE_CODE = YES;
				CLANG_WARN__DUPLICATE_METHOD_MATCH = YES;
				COPY_PHASE_STRIP = NO;
				DEBUG_INFORMATION_FORMAT = "dwarf-with-dsym";
				ENABLE_NS_ASSERTIONS = NO;
				ENABLE_STRICT_OBJC_MSGSEND = YES;
				GCC_C_LANGUAGE_STANDARD = gnu11;
				GCC_NO_COMMON_BLOCKS = YES;
				GCC_WARN_64_TO_32_BIT_CONVERSION = YES;
				GCC_WARN_ABOUT_RETURN_TYPE = YES_ERROR;
				GCC_WARN_UNDECLARED_SELECTOR = YES;
				GCC_WARN_UNINITIALIZED_AUTOS = YES_AGGRESSIVE;
				GCC_WARN_UNUSED_FUNCTION = YES;
				GCC_WARN_UNUSED_VARIABLE = YES;
				IPHONEOS_DEPLOYMENT_TARGET = 13.0;
				MTL_ENABLE_DEBUG_INFO = NO;
				MTL_FAST_MATH = YES;
				SDKROOT = iphoneos;
				SWIFT_COMPILATION_MODE = wholemodule;
				SWIFT_OPTIMIZATION_LEVEL = "-O";
				VALIDATE_PRODUCT = YES;
			};
			name = Release;
		};
		60318E63238D17EF00F2C3AB /* Debug */ = {
			isa = XCBuildConfiguration;
			baseConfigurationReference = 39C78908CDD2298381973517 /* Pods-saudiClubs.debug.xcconfig */;
			buildSettings = {
				ASSETCATALOG_COMPILER_APPICON_NAME = AppIcon;
				CODE_SIGN_STYLE = Automatic;
				DEVELOPMENT_TEAM = 89LNLGMUPU;
				INFOPLIST_FILE = "saudiClubs/Supporting Files/Info.plist";
				LD_RUNPATH_SEARCH_PATHS = (
					"$(inherited)",
					"@executable_path/Frameworks",
				);
				PRODUCT_BUNDLE_IDENTIFIER = www.MohamedSamirEG.com.saudiClubs1;
				PRODUCT_NAME = "$(TARGET_NAME)";
				SWIFT_VERSION = 5.0;
				TARGETED_DEVICE_FAMILY = "1,2";
			};
			name = Debug;
		};
		60318E64238D17EF00F2C3AB /* Release */ = {
			isa = XCBuildConfiguration;
			baseConfigurationReference = F2E6B5E8671D944B4479EE35 /* Pods-saudiClubs.release.xcconfig */;
			buildSettings = {
				ASSETCATALOG_COMPILER_APPICON_NAME = AppIcon;
				CODE_SIGN_STYLE = Automatic;
				DEVELOPMENT_TEAM = 89LNLGMUPU;
				INFOPLIST_FILE = "saudiClubs/Supporting Files/Info.plist";
				LD_RUNPATH_SEARCH_PATHS = (
					"$(inherited)",
					"@executable_path/Frameworks",
				);
				PRODUCT_BUNDLE_IDENTIFIER = www.MohamedSamirEG.com.saudiClubs1;
				PRODUCT_NAME = "$(TARGET_NAME)";
				SWIFT_VERSION = 5.0;
				TARGETED_DEVICE_FAMILY = "1,2";
			};
			name = Release;
		};
/* End XCBuildConfiguration section */

/* Begin XCConfigurationList section */
		60318E49238D17ED00F2C3AB /* Build configuration list for PBXProject "saudiClubs" */ = {
			isa = XCConfigurationList;
			buildConfigurations = (
				60318E60238D17EF00F2C3AB /* Debug */,
				60318E61238D17EF00F2C3AB /* Release */,
			);
			defaultConfigurationIsVisible = 0;
			defaultConfigurationName = Release;
		};
		60318E62238D17EF00F2C3AB /* Build configuration list for PBXNativeTarget "saudiClubs" */ = {
			isa = XCConfigurationList;
			buildConfigurations = (
				60318E63238D17EF00F2C3AB /* Debug */,
				60318E64238D17EF00F2C3AB /* Release */,
			);
			defaultConfigurationIsVisible = 0;
			defaultConfigurationName = Release;
		};
/* End XCConfigurationList section */
	};
	rootObject = 60318E46238D17ED00F2C3AB /* Project object */;
}
