// !$*UTF8*$!
{
	archiveVersion = 1;
	classes = {
	};
	objectVersion = 51;
	objects = {

/* Begin PBXBuildFile section */
		6011CA4C238E995B00EDDDEC /* completePaymentViewController.swift in Sources */ = {isa = PBXBuildFile; fileRef = 6011CA4B238E995B00EDDDEC /* completePaymentViewController.swift */; };
		6012CC2A238D502200DEB61E /* ResetPasswordViewController1.swift in Sources */ = {isa = PBXBuildFile; fileRef = 6012CC29238D502200DEB61E /* ResetPasswordViewController1.swift */; };
		601342A2238D44B900B8560C /* SignUpViewController.swift in Sources */ = {isa = PBXBuildFile; fileRef = 601342A1238D44B900B8560C /* SignUpViewController.swift */; };
		601435422391AFAD0045348A /* CairoBold.ttf in Resources */ = {isa = PBXBuildFile; fileRef = 601435412391AFAC0045348A /* CairoBold.ttf */; };
		601522662392A6450022EA8F /* ClubsListViewController.swift in Sources */ = {isa = PBXBuildFile; fileRef = 601522652392A6450022EA8F /* ClubsListViewController.swift */; };
		6015226A2392AB3D0022EA8F /* ClubsListMainTableViewCell.swift in Sources */ = {isa = PBXBuildFile; fileRef = 601522682392AB3D0022EA8F /* ClubsListMainTableViewCell.swift */; };
		6015226B2392AB3D0022EA8F /* ClubsListMainTableViewCell.xib in Resources */ = {isa = PBXBuildFile; fileRef = 601522692392AB3D0022EA8F /* ClubsListMainTableViewCell.xib */; };
		6015226F2392AE100022EA8F /* SliderMainCollectionViewCell.swift in Sources */ = {isa = PBXBuildFile; fileRef = 6015226D2392AE100022EA8F /* SliderMainCollectionViewCell.swift */; };
		601522702392AE100022EA8F /* SliderMainCollectionViewCell.xib in Resources */ = {isa = PBXBuildFile; fileRef = 6015226E2392AE100022EA8F /* SliderMainCollectionViewCell.xib */; };
		601522742392B2390022EA8F /* SliderCollectionViewCell.swift in Sources */ = {isa = PBXBuildFile; fileRef = 601522722392B2390022EA8F /* SliderCollectionViewCell.swift */; };
		601522752392B2390022EA8F /* SliderCollectionViewCell.xib in Resources */ = {isa = PBXBuildFile; fileRef = 601522732392B2390022EA8F /* SliderCollectionViewCell.xib */; };
		601522792392B2F40022EA8F /* ClubsListTableViewCell.swift in Sources */ = {isa = PBXBuildFile; fileRef = 601522772392B2F40022EA8F /* ClubsListTableViewCell.swift */; };
		6015227A2392B2F40022EA8F /* ClubsListTableViewCell.xib in Resources */ = {isa = PBXBuildFile; fileRef = 601522782392B2F40022EA8F /* ClubsListTableViewCell.xib */; };
		6015227C2392C0930022EA8F /* Inspectables.swift in Sources */ = {isa = PBXBuildFile; fileRef = 6015227B2392C0930022EA8F /* Inspectables.swift */; };
		6015E932239254A100A4BE91 /* MyFollwlisrTableViewCell.swift in Sources */ = {isa = PBXBuildFile; fileRef = 6015E930239254A100A4BE91 /* MyFollwlisrTableViewCell.swift */; };
		6015E933239254A100A4BE91 /* MyFollwlisrTableViewCell.xib in Resources */ = {isa = PBXBuildFile; fileRef = 6015E931239254A100A4BE91 /* MyFollwlisrTableViewCell.xib */; };
		6015E9362392608300A4BE91 /* AboutAppViewController.swift in Sources */ = {isa = PBXBuildFile; fileRef = 6015E9352392608300A4BE91 /* AboutAppViewController.swift */; };
		6015E93B2392622800A4BE91 /* CairoRegular.ttf in Resources */ = {isa = PBXBuildFile; fileRef = 6015E9372392622700A4BE91 /* CairoRegular.ttf */; };
		6015E93C2392622800A4BE91 /* CairoBlack.ttf in Resources */ = {isa = PBXBuildFile; fileRef = 6015E9382392622700A4BE91 /* CairoBlack.ttf */; };
		6015E93D2392622800A4BE91 /* CairoExtraLight.ttf in Resources */ = {isa = PBXBuildFile; fileRef = 6015E9392392622700A4BE91 /* CairoExtraLight.ttf */; };
		6015E93E2392622800A4BE91 /* CairoLight.ttf in Resources */ = {isa = PBXBuildFile; fileRef = 6015E93A2392622700A4BE91 /* CairoLight.ttf */; };
		6015E9402392684A00A4BE91 /* ContactUsViewController.swift in Sources */ = {isa = PBXBuildFile; fileRef = 6015E93F2392684A00A4BE91 /* ContactUsViewController.swift */; };
		6015E94223926D7400A4BE91 /* AppTermsViewController.swift in Sources */ = {isa = PBXBuildFile; fileRef = 6015E94123926D7400A4BE91 /* AppTermsViewController.swift */; };
		6017B594238D7528007DC459 /* ResetPasswordViewController2.swift in Sources */ = {isa = PBXBuildFile; fileRef = 6017B593238D7528007DC459 /* ResetPasswordViewController2.swift */; };
		6018E9EB238E5D3C00223203 /* ResetPasswordViewController3.swift in Sources */ = {isa = PBXBuildFile; fileRef = 6018E9EA238E5D3C00223203 /* ResetPasswordViewController3.swift */; };
		6018E9ED238E64B500223203 /* selectPaymentViewController.swift in Sources */ = {isa = PBXBuildFile; fileRef = 6018E9EC238E64B500223203 /* selectPaymentViewController.swift */; };
		6019F198238FAC2C005BE346 /* TextFieldUnderlined.swift in Sources */ = {isa = PBXBuildFile; fileRef = 6019F197238FAC2C005BE346 /* TextFieldUnderlined.swift */; };
		601BA8AC238FC1D6008F6A96 /* TabBarController.swift in Sources */ = {isa = PBXBuildFile; fileRef = 601BA8AB238FC1D6008F6A96 /* TabBarController.swift */; };
		601BA8AF238FC729008F6A96 /* SideMenuViewController.swift in Sources */ = {isa = PBXBuildFile; fileRef = 601BA8AE238FC729008F6A96 /* SideMenuViewController.swift */; };
		601BA8B5238FD3AE008F6A96 /* Constants.swift in Sources */ = {isa = PBXBuildFile; fileRef = 601BA8B4238FD3AE008F6A96 /* Constants.swift */; };
		601BA8B7238FDB3F008F6A96 /* ProfileViewController.swift in Sources */ = {isa = PBXBuildFile; fileRef = 601BA8B6238FDB3F008F6A96 /* ProfileViewController.swift */; };
		601BA8BE238FEF7C008F6A96 /* MyFollowlistViewController.swift in Sources */ = {isa = PBXBuildFile; fileRef = 601BA8BD238FEF7C008F6A96 /* MyFollowlistViewController.swift */; };
		601F5CE423915CE400DF1BE6 /* CairoSemiBold.ttf in Resources */ = {isa = PBXBuildFile; fileRef = 601F5CE323915CE400DF1BE6 /* CairoSemiBold.ttf */; };
		60318E52238D17ED00F2C3AB /* AppDelegate.swift in Sources */ = {isa = PBXBuildFile; fileRef = 60318E51238D17ED00F2C3AB /* AppDelegate.swift */; };
		60318E54238D17ED00F2C3AB /* SceneDelegate.swift in Sources */ = {isa = PBXBuildFile; fileRef = 60318E53238D17ED00F2C3AB /* SceneDelegate.swift */; };
		60318E56238D17ED00F2C3AB /* SplashViewController.swift in Sources */ = {isa = PBXBuildFile; fileRef = 60318E55238D17ED00F2C3AB /* SplashViewController.swift */; };
		60318E59238D17ED00F2C3AB /* Main.storyboard in Resources */ = {isa = PBXBuildFile; fileRef = 60318E57238D17ED00F2C3AB /* Main.storyboard */; };
		60318E5B238D17EF00F2C3AB /* Assets.xcassets in Resources */ = {isa = PBXBuildFile; fileRef = 60318E5A238D17EF00F2C3AB /* Assets.xcassets */; };
		60318E5E238D17EF00F2C3AB /* LaunchScreen.storyboard in Resources */ = {isa = PBXBuildFile; fileRef = 60318E5C238D17EF00F2C3AB /* LaunchScreen.storyboard */; };
		60318E6A238D19C900F2C3AB /* LoginViewController.swift in Sources */ = {isa = PBXBuildFile; fileRef = 60318E69238D19C900F2C3AB /* LoginViewController.swift */; };
		60318E77238D1EA800F2C3AB /* ButtonCorners.swift in Sources */ = {isa = PBXBuildFile; fileRef = 60318E6D238D1EA800F2C3AB /* ButtonCorners.swift */; };
		60318E78238D1EA800F2C3AB /* ImageCorners.swift in Sources */ = {isa = PBXBuildFile; fileRef = 60318E6E238D1EA800F2C3AB /* ImageCorners.swift */; };
		60318E79238D1EA800F2C3AB /* LabelCorners.swift in Sources */ = {isa = PBXBuildFile; fileRef = 60318E6F238D1EA800F2C3AB /* LabelCorners.swift */; };
		60318E7A238D1EA800F2C3AB /* TableViewCorners.swift in Sources */ = {isa = PBXBuildFile; fileRef = 60318E70238D1EA800F2C3AB /* TableViewCorners.swift */; };
		60318E7B238D1EA800F2C3AB /* TextFieldCorners.swift in Sources */ = {isa = PBXBuildFile; fileRef = 60318E71238D1EA800F2C3AB /* TextFieldCorners.swift */; };
		60318E7C238D1EA800F2C3AB /* ViewCorners.swift in Sources */ = {isa = PBXBuildFile; fileRef = 60318E72238D1EA800F2C3AB /* ViewCorners.swift */; };
		60318E7D238D1EA800F2C3AB /* ButtonAnimation.swift in Sources */ = {isa = PBXBuildFile; fileRef = 60318E74238D1EA800F2C3AB /* ButtonAnimation.swift */; };
		60318E7E238D1EA800F2C3AB /* TextFieldPadding.swift in Sources */ = {isa = PBXBuildFile; fileRef = 60318E75238D1EA800F2C3AB /* TextFieldPadding.swift */; };
		60318E7F238D1EA800F2C3AB /* TextFiledAnimation.swift in Sources */ = {isa = PBXBuildFile; fileRef = 60318E76238D1EA800F2C3AB /* TextFiledAnimation.swift */; };
		6096EAC4238EA43B00C9B1FA /* ViewDashedBorder.swift in Sources */ = {isa = PBXBuildFile; fileRef = 6096EAC3238EA43B00C9B1FA /* ViewDashedBorder.swift */; };
		60A8C5182391DDD500ED056B /* UICollectionView+Generics.swift in Sources */ = {isa = PBXBuildFile; fileRef = 60A8C5152391DDD500ED056B /* UICollectionView+Generics.swift */; };
		60A8C5192391DDD500ED056B /* UITableView+Generics.swift in Sources */ = {isa = PBXBuildFile; fileRef = 60A8C5162391DDD500ED056B /* UITableView+Generics.swift */; };
		D2B1AF755F0B605E37B2CD61 /* Pods_saudiClubs1.framework in Frameworks */ = {isa = PBXBuildFile; fileRef = FE4AA8C466FE102FB5973B6D /* Pods_saudiClubs1.framework */; };
/* End PBXBuildFile section */

/* Begin PBXFileReference section */
		0D04E5563854AFEB7DC1F44E /* Pods-saudiClubs1.debug.xcconfig */ = {isa = PBXFileReference; includeInIndex = 1; lastKnownFileType = text.xcconfig; name = "Pods-saudiClubs1.debug.xcconfig"; path = "Target Support Files/Pods-saudiClubs1/Pods-saudiClubs1.debug.xcconfig"; sourceTree = "<group>"; };
		5BF87B1CADA54B7C4054A730 /* Pods-saudiClubs1.release.xcconfig */ = {isa = PBXFileReference; includeInIndex = 1; lastKnownFileType = text.xcconfig; name = "Pods-saudiClubs1.release.xcconfig"; path = "Target Support Files/Pods-saudiClubs1/Pods-saudiClubs1.release.xcconfig"; sourceTree = "<group>"; };
		6011CA4B238E995B00EDDDEC /* completePaymentViewController.swift */ = {isa = PBXFileReference; lastKnownFileType = sourcecode.swift; path = completePaymentViewController.swift; sourceTree = "<group>"; };
		6012CC29238D502200DEB61E /* ResetPasswordViewController1.swift */ = {isa = PBXFileReference; lastKnownFileType = sourcecode.swift; path = ResetPasswordViewController1.swift; sourceTree = "<group>"; };
		601342A1238D44B900B8560C /* SignUpViewController.swift */ = {isa = PBXFileReference; lastKnownFileType = sourcecode.swift; path = SignUpViewController.swift; sourceTree = "<group>"; };
		601435412391AFAC0045348A /* CairoBold.ttf */ = {isa = PBXFileReference; lastKnownFileType = file; path = CairoBold.ttf; sourceTree = "<group>"; };
		601522652392A6450022EA8F /* ClubsListViewController.swift */ = {isa = PBXFileReference; lastKnownFileType = sourcecode.swift; path = ClubsListViewController.swift; sourceTree = "<group>"; };
		601522682392AB3D0022EA8F /* ClubsListMainTableViewCell.swift */ = {isa = PBXFileReference; lastKnownFileType = sourcecode.swift; path = ClubsListMainTableViewCell.swift; sourceTree = "<group>"; };
		601522692392AB3D0022EA8F /* ClubsListMainTableViewCell.xib */ = {isa = PBXFileReference; lastKnownFileType = file.xib; path = ClubsListMainTableViewCell.xib; sourceTree = "<group>"; };
		6015226D2392AE100022EA8F /* SliderMainCollectionViewCell.swift */ = {isa = PBXFileReference; lastKnownFileType = sourcecode.swift; path = SliderMainCollectionViewCell.swift; sourceTree = "<group>"; };
		6015226E2392AE100022EA8F /* SliderMainCollectionViewCell.xib */ = {isa = PBXFileReference; lastKnownFileType = file.xib; path = SliderMainCollectionViewCell.xib; sourceTree = "<group>"; };
		601522722392B2390022EA8F /* SliderCollectionViewCell.swift */ = {isa = PBXFileReference; lastKnownFileType = sourcecode.swift; path = SliderCollectionViewCell.swift; sourceTree = "<group>"; };
		601522732392B2390022EA8F /* SliderCollectionViewCell.xib */ = {isa = PBXFileReference; lastKnownFileType = file.xib; path = SliderCollectionViewCell.xib; sourceTree = "<group>"; };
		601522772392B2F40022EA8F /* ClubsListTableViewCell.swift */ = {isa = PBXFileReference; lastKnownFileType = sourcecode.swift; path = ClubsListTableViewCell.swift; sourceTree = "<group>"; };
		601522782392B2F40022EA8F /* ClubsListTableViewCell.xib */ = {isa = PBXFileReference; lastKnownFileType = file.xib; path = ClubsListTableViewCell.xib; sourceTree = "<group>"; };
		6015227B2392C0930022EA8F /* Inspectables.swift */ = {isa = PBXFileReference; fileEncoding = 4; lastKnownFileType = sourcecode.swift; path = Inspectables.swift; sourceTree = "<group>"; };
		6015E930239254A100A4BE91 /* MyFollwlisrTableViewCell.swift */ = {isa = PBXFileReference; lastKnownFileType = sourcecode.swift; path = MyFollwlisrTableViewCell.swift; sourceTree = "<group>"; };
		6015E931239254A100A4BE91 /* MyFollwlisrTableViewCell.xib */ = {isa = PBXFileReference; lastKnownFileType = file.xib; path = MyFollwlisrTableViewCell.xib; sourceTree = "<group>"; };
		6015E9352392608300A4BE91 /* AboutAppViewController.swift */ = {isa = PBXFileReference; lastKnownFileType = sourcecode.swift; path = AboutAppViewController.swift; sourceTree = "<group>"; };
		6015E9372392622700A4BE91 /* CairoRegular.ttf */ = {isa = PBXFileReference; lastKnownFileType = file; path = CairoRegular.ttf; sourceTree = "<group>"; };
		6015E9382392622700A4BE91 /* CairoBlack.ttf */ = {isa = PBXFileReference; lastKnownFileType = file; path = CairoBlack.ttf; sourceTree = "<group>"; };
		6015E9392392622700A4BE91 /* CairoExtraLight.ttf */ = {isa = PBXFileReference; lastKnownFileType = file; path = CairoExtraLight.ttf; sourceTree = "<group>"; };
		6015E93A2392622700A4BE91 /* CairoLight.ttf */ = {isa = PBXFileReference; lastKnownFileType = file; path = CairoLight.ttf; sourceTree = "<group>"; };
		6015E93F2392684A00A4BE91 /* ContactUsViewController.swift */ = {isa = PBXFileReference; lastKnownFileType = sourcecode.swift; path = ContactUsViewController.swift; sourceTree = "<group>"; };
		6015E94123926D7400A4BE91 /* AppTermsViewController.swift */ = {isa = PBXFileReference; lastKnownFileType = sourcecode.swift; path = AppTermsViewController.swift; sourceTree = "<group>"; };
		6017B593238D7528007DC459 /* ResetPasswordViewController2.swift */ = {isa = PBXFileReference; lastKnownFileType = sourcecode.swift; path = ResetPasswordViewController2.swift; sourceTree = "<group>"; };
		6018E9EA238E5D3C00223203 /* ResetPasswordViewController3.swift */ = {isa = PBXFileReference; lastKnownFileType = sourcecode.swift; path = ResetPasswordViewController3.swift; sourceTree = "<group>"; };
		6018E9EC238E64B500223203 /* selectPaymentViewController.swift */ = {isa = PBXFileReference; lastKnownFileType = sourcecode.swift; path = selectPaymentViewController.swift; sourceTree = "<group>"; };
		6019F197238FAC2C005BE346 /* TextFieldUnderlined.swift */ = {isa = PBXFileReference; lastKnownFileType = sourcecode.swift; path = TextFieldUnderlined.swift; sourceTree = "<group>"; };
		601BA8AB238FC1D6008F6A96 /* TabBarController.swift */ = {isa = PBXFileReference; lastKnownFileType = sourcecode.swift; path = TabBarController.swift; sourceTree = "<group>"; };
		601BA8AE238FC729008F6A96 /* SideMenuViewController.swift */ = {isa = PBXFileReference; lastKnownFileType = sourcecode.swift; path = SideMenuViewController.swift; sourceTree = "<group>"; };
		601BA8B4238FD3AE008F6A96 /* Constants.swift */ = {isa = PBXFileReference; fileEncoding = 4; lastKnownFileType = sourcecode.swift; path = Constants.swift; sourceTree = "<group>"; };
		601BA8B6238FDB3F008F6A96 /* ProfileViewController.swift */ = {isa = PBXFileReference; lastKnownFileType = sourcecode.swift; path = ProfileViewController.swift; sourceTree = "<group>"; };
		601BA8BD238FEF7C008F6A96 /* MyFollowlistViewController.swift */ = {isa = PBXFileReference; lastKnownFileType = sourcecode.swift; path = MyFollowlistViewController.swift; sourceTree = "<group>"; };
		601F5CE323915CE400DF1BE6 /* CairoSemiBold.ttf */ = {isa = PBXFileReference; lastKnownFileType = file; path = CairoSemiBold.ttf; sourceTree = "<group>"; };
		60318E4E238D17ED00F2C3AB /* saudiClubs.app */ = {isa = PBXFileReference; explicitFileType = wrapper.application; includeInIndex = 0; path = saudiClubs.app; sourceTree = BUILT_PRODUCTS_DIR; };
		60318E51238D17ED00F2C3AB /* AppDelegate.swift */ = {isa = PBXFileReference; lastKnownFileType = sourcecode.swift; path = AppDelegate.swift; sourceTree = "<group>"; };
		60318E53238D17ED00F2C3AB /* SceneDelegate.swift */ = {isa = PBXFileReference; lastKnownFileType = sourcecode.swift; path = SceneDelegate.swift; sourceTree = "<group>"; };
		60318E55238D17ED00F2C3AB /* SplashViewController.swift */ = {isa = PBXFileReference; lastKnownFileType = sourcecode.swift; path = SplashViewController.swift; sourceTree = "<group>"; };
		60318E58238D17ED00F2C3AB /* Base */ = {isa = PBXFileReference; lastKnownFileType = file.storyboard; name = Base; path = Base.lproj/Main.storyboard; sourceTree = "<group>"; };
		60318E5A238D17EF00F2C3AB /* Assets.xcassets */ = {isa = PBXFileReference; lastKnownFileType = folder.assetcatalog; path = Assets.xcassets; sourceTree = "<group>"; };
		60318E5D238D17EF00F2C3AB /* Base */ = {isa = PBXFileReference; lastKnownFileType = file.storyboard; name = Base; path = Base.lproj/LaunchScreen.storyboard; sourceTree = "<group>"; };
		60318E5F238D17EF00F2C3AB /* Info.plist */ = {isa = PBXFileReference; lastKnownFileType = text.plist.xml; path = Info.plist; sourceTree = "<group>"; };
		60318E69238D19C900F2C3AB /* LoginViewController.swift */ = {isa = PBXFileReference; lastKnownFileType = sourcecode.swift; path = LoginViewController.swift; sourceTree = "<group>"; };
		60318E6D238D1EA800F2C3AB /* ButtonCorners.swift */ = {isa = PBXFileReference; fileEncoding = 4; lastKnownFileType = sourcecode.swift; path = ButtonCorners.swift; sourceTree = "<group>"; };
		60318E6E238D1EA800F2C3AB /* ImageCorners.swift */ = {isa = PBXFileReference; fileEncoding = 4; lastKnownFileType = sourcecode.swift; path = ImageCorners.swift; sourceTree = "<group>"; };
		60318E6F238D1EA800F2C3AB /* LabelCorners.swift */ = {isa = PBXFileReference; fileEncoding = 4; lastKnownFileType = sourcecode.swift; path = LabelCorners.swift; sourceTree = "<group>"; };
		60318E70238D1EA800F2C3AB /* TableViewCorners.swift */ = {isa = PBXFileReference; fileEncoding = 4; lastKnownFileType = sourcecode.swift; path = TableViewCorners.swift; sourceTree = "<group>"; };
		60318E71238D1EA800F2C3AB /* TextFieldCorners.swift */ = {isa = PBXFileReference; fileEncoding = 4; lastKnownFileType = sourcecode.swift; path = TextFieldCorners.swift; sourceTree = "<group>"; };
		60318E72238D1EA800F2C3AB /* ViewCorners.swift */ = {isa = PBXFileReference; fileEncoding = 4; lastKnownFileType = sourcecode.swift; path = ViewCorners.swift; sourceTree = "<group>"; };
		60318E74238D1EA800F2C3AB /* ButtonAnimation.swift */ = {isa = PBXFileReference; fileEncoding = 4; lastKnownFileType = sourcecode.swift; path = ButtonAnimation.swift; sourceTree = "<group>"; };
		60318E75238D1EA800F2C3AB /* TextFieldPadding.swift */ = {isa = PBXFileReference; fileEncoding = 4; lastKnownFileType = sourcecode.swift; path = TextFieldPadding.swift; sourceTree = "<group>"; };
		60318E76238D1EA800F2C3AB /* TextFiledAnimation.swift */ = {isa = PBXFileReference; fileEncoding = 4; lastKnownFileType = sourcecode.swift; path = TextFiledAnimation.swift; sourceTree = "<group>"; };
		6096EAC3238EA43B00C9B1FA /* ViewDashedBorder.swift */ = {isa = PBXFileReference; lastKnownFileType = sourcecode.swift; path = ViewDashedBorder.swift; sourceTree = "<group>"; };
		60A8C5152391DDD500ED056B /* UICollectionView+Generics.swift */ = {isa = PBXFileReference; fileEncoding = 4; lastKnownFileType = sourcecode.swift; path = "UICollectionView+Generics.swift"; sourceTree = "<group>"; };
		60A8C5162391DDD500ED056B /* UITableView+Generics.swift */ = {isa = PBXFileReference; fileEncoding = 4; lastKnownFileType = sourcecode.swift; path = "UITableView+Generics.swift"; sourceTree = "<group>"; };
		FE4AA8C466FE102FB5973B6D /* Pods_saudiClubs1.framework */ = {isa = PBXFileReference; explicitFileType = wrapper.framework; includeInIndex = 0; path = Pods_saudiClubs1.framework; sourceTree = BUILT_PRODUCTS_DIR; };
/* End PBXFileReference section */

/* Begin PBXFrameworksBuildPhase section */
		60318E4B238D17ED00F2C3AB /* Frameworks */ = {
			isa = PBXFrameworksBuildPhase;
			buildActionMask = 2147483647;
			files = (
				D2B1AF755F0B605E37B2CD61 /* Pods_saudiClubs1.framework in Frameworks */,
			);
			runOnlyForDeploymentPostprocessing = 0;
		};
/* End PBXFrameworksBuildPhase section */

/* Begin PBXGroup section */
		601522672392AAF00022EA8F /* ClubsListMainTableViewCell */ = {
			isa = PBXGroup;
			children = (
				601522682392AB3D0022EA8F /* ClubsListMainTableViewCell.swift */,
				601522692392AB3D0022EA8F /* ClubsListMainTableViewCell.xib */,
			);
			path = ClubsListMainTableViewCell;
			sourceTree = "<group>";
		};
		6015226C2392AC360022EA8F /* SliderMainTableViewCell */ = {
			isa = PBXGroup;
			children = (
				6015226D2392AE100022EA8F /* SliderMainCollectionViewCell.swift */,
				6015226E2392AE100022EA8F /* SliderMainCollectionViewCell.xib */,
			);
			path = SliderMainTableViewCell;
			sourceTree = "<group>";
		};
		601522712392B1CC0022EA8F /* SliderSingleCell */ = {
			isa = PBXGroup;
			children = (
				601522722392B2390022EA8F /* SliderCollectionViewCell.swift */,
				601522732392B2390022EA8F /* SliderCollectionViewCell.xib */,
			);
			path = SliderSingleCell;
			sourceTree = "<group>";
		};
		601522762392B2B50022EA8F /* ClubsListCell */ = {
			isa = PBXGroup;
			children = (
				601522772392B2F40022EA8F /* ClubsListTableViewCell.swift */,
				601522782392B2F40022EA8F /* ClubsListTableViewCell.xib */,
			);
			path = ClubsListCell;
			sourceTree = "<group>";
		};
		6015E93423925A9500A4BE91 /* MyFollwlisrTableViewCell */ = {
			isa = PBXGroup;
			children = (
				6015E930239254A100A4BE91 /* MyFollwlisrTableViewCell.swift */,
				6015E931239254A100A4BE91 /* MyFollwlisrTableViewCell.xib */,
			);
			path = MyFollwlisrTableViewCell;
			sourceTree = "<group>";
		};
		6019F195238FAA38005BE346 /* Authentication */ = {
			isa = PBXGroup;
			children = (
				60318E55238D17ED00F2C3AB /* SplashViewController.swift */,
				60318E69238D19C900F2C3AB /* LoginViewController.swift */,
				601342A1238D44B900B8560C /* SignUpViewController.swift */,
				6012CC29238D502200DEB61E /* ResetPasswordViewController1.swift */,
				6017B593238D7528007DC459 /* ResetPasswordViewController2.swift */,
				6018E9EA238E5D3C00223203 /* ResetPasswordViewController3.swift */,
			);
			path = Authentication;
			sourceTree = "<group>";
		};
		6019F196238FAA47005BE346 /* Payement */ = {
			isa = PBXGroup;
			children = (
				6018E9EC238E64B500223203 /* selectPaymentViewController.swift */,
				6011CA4B238E995B00EDDDEC /* completePaymentViewController.swift */,
			);
			path = Payement;
			sourceTree = "<group>";
		};
		601BA8AA238FC199008F6A96 /* TabBar */ = {
			isa = PBXGroup;
			children = (
				601BA8BA238FEF0B008F6A96 /* insdie Side Menu */,
				601BA8AB238FC1D6008F6A96 /* TabBarController.swift */,
				601BA8AE238FC729008F6A96 /* SideMenuViewController.swift */,
				601BA8B6238FDB3F008F6A96 /* ProfileViewController.swift */,
				601522652392A6450022EA8F /* ClubsListViewController.swift */,
			);
			path = TabBar;
			sourceTree = "<group>";
		};
		601BA8B0238FC955008F6A96 /* Cells */ = {
			isa = PBXGroup;
			children = (
			);
			path = Cells;
			sourceTree = "<group>";
		};
		601BA8B3238FD3AE008F6A96 /* Data */ = {
			isa = PBXGroup;
			children = (
				601BA8B4238FD3AE008F6A96 /* Constants.swift */,
			);
			path = Data;
			sourceTree = "<group>";
		};
		601BA8BA238FEF0B008F6A96 /* insdie Side Menu */ = {
			isa = PBXGroup;
			children = (
				601BA8BD238FEF7C008F6A96 /* MyFollowlistViewController.swift */,
				6015E9352392608300A4BE91 /* AboutAppViewController.swift */,
				6015E93F2392684A00A4BE91 /* ContactUsViewController.swift */,
				6015E94123926D7400A4BE91 /* AppTermsViewController.swift */,
			);
			path = "insdie Side Menu";
			sourceTree = "<group>";
		};
		601F5CE223915CCB00DF1BE6 /* Fonts */ = {
			isa = PBXGroup;
			children = (
				601F5CE323915CE400DF1BE6 /* CairoSemiBold.ttf */,
				601435412391AFAC0045348A /* CairoBold.ttf */,
				6015E9382392622700A4BE91 /* CairoBlack.ttf */,
				6015E9392392622700A4BE91 /* CairoExtraLight.ttf */,
				6015E93A2392622700A4BE91 /* CairoLight.ttf */,
				6015E9372392622700A4BE91 /* CairoRegular.ttf */,
			);
			path = Fonts;
			sourceTree = "<group>";
		};
		60318E45238D17ED00F2C3AB = {
			isa = PBXGroup;
			children = (
				60318E50238D17ED00F2C3AB /* saudiClubs */,
				60318E4F238D17ED00F2C3AB /* Products */,
				C3751E47EA43BF0201249A22 /* Pods */,
				EC00478021884F09D70DFB3E /* Frameworks */,
			);
			sourceTree = "<group>";
		};
		60318E4F238D17ED00F2C3AB /* Products */ = {
			isa = PBXGroup;
			children = (
				60318E4E238D17ED00F2C3AB /* saudiClubs.app */,
			);
			name = Products;
			sourceTree = "<group>";
		};
		60318E50238D17ED00F2C3AB /* saudiClubs */ = {
			isa = PBXGroup;
			children = (
				60318E68238D181A00F2C3AB /* Supporting Files */,
				601F5CE223915CCB00DF1BE6 /* Fonts */,
				601BA8B3238FD3AE008F6A96 /* Data */,
				60318E6B238D1EA800F2C3AB /* Layout */,
				60A8C5132391DDD500ED056B /* Extention */,
				60318E67238D180700F2C3AB /* Model */,
				60318E66238D180200F2C3AB /* View */,
				60318E65238D17FF00F2C3AB /* Controller */,
			);
			path = saudiClubs;
			sourceTree = "<group>";
		};
		60318E65238D17FF00F2C3AB /* Controller */ = {
			isa = PBXGroup;
			children = (
				6019F195238FAA38005BE346 /* Authentication */,
				6019F196238FAA47005BE346 /* Payement */,
				601BA8AA238FC199008F6A96 /* TabBar */,
			);
			path = Controller;
			sourceTree = "<group>";
		};
		60318E66238D180200F2C3AB /* View */ = {
			isa = PBXGroup;
			children = (
				60318E57238D17ED00F2C3AB /* Main.storyboard */,
				6015E93423925A9500A4BE91 /* MyFollwlisrTableViewCell */,
				6015226C2392AC360022EA8F /* SliderMainTableViewCell */,
				601522712392B1CC0022EA8F /* SliderSingleCell */,
				601522672392AAF00022EA8F /* ClubsListMainTableViewCell */,
				601522762392B2B50022EA8F /* ClubsListCell */,
				601BA8B0238FC955008F6A96 /* Cells */,
			);
			path = View;
			sourceTree = "<group>";
		};
		60318E67238D180700F2C3AB /* Model */ = {
			isa = PBXGroup;
			children = (
			);
			path = Model;
			sourceTree = "<group>";
		};
		60318E68238D181A00F2C3AB /* Supporting Files */ = {
			isa = PBXGroup;
			children = (
				60318E51238D17ED00F2C3AB /* AppDelegate.swift */,
				60318E53238D17ED00F2C3AB /* SceneDelegate.swift */,
				6015227B2392C0930022EA8F /* Inspectables.swift */,
				60318E5A238D17EF00F2C3AB /* Assets.xcassets */,
				60318E5C238D17EF00F2C3AB /* LaunchScreen.storyboard */,
				60318E5F238D17EF00F2C3AB /* Info.plist */,
			);
			path = "Supporting Files";
			sourceTree = "<group>";
		};
		60318E6B238D1EA800F2C3AB /* Layout */ = {
			isa = PBXGroup;
			children = (
				60318E6C238D1EA800F2C3AB /* Classes */,
				60318E73238D1EA800F2C3AB /* Extensions */,
			);
			path = Layout;
			sourceTree = "<group>";
		};
		60318E6C238D1EA800F2C3AB /* Classes */ = {
			isa = PBXGroup;
			children = (
				60318E6D238D1EA800F2C3AB /* ButtonCorners.swift */,
				60318E6E238D1EA800F2C3AB /* ImageCorners.swift */,
				60318E6F238D1EA800F2C3AB /* LabelCorners.swift */,
				60318E70238D1EA800F2C3AB /* TableViewCorners.swift */,
				60318E71238D1EA800F2C3AB /* TextFieldCorners.swift */,
				60318E72238D1EA800F2C3AB /* ViewCorners.swift */,
			);
			path = Classes;
			sourceTree = "<group>";
		};
		60318E73238D1EA800F2C3AB /* Extensions */ = {
			isa = PBXGroup;
			children = (
				60318E74238D1EA800F2C3AB /* ButtonAnimation.swift */,
				60318E75238D1EA800F2C3AB /* TextFieldPadding.swift */,
				60318E76238D1EA800F2C3AB /* TextFiledAnimation.swift */,
				6096EAC3238EA43B00C9B1FA /* ViewDashedBorder.swift */,
				6019F197238FAC2C005BE346 /* TextFieldUnderlined.swift */,
			);
			path = Extensions;
			sourceTree = "<group>";
		};
		60A8C5132391DDD500ED056B /* Extention */ = {
			isa = PBXGroup;
			children = (
				60A8C5152391DDD500ED056B /* UICollectionView+Generics.swift */,
				60A8C5162391DDD500ED056B /* UITableView+Generics.swift */,
			);
			path = Extention;
			sourceTree = "<group>";
		};
		C3751E47EA43BF0201249A22 /* Pods */ = {
			isa = PBXGroup;
			children = (
				0D04E5563854AFEB7DC1F44E /* Pods-saudiClubs1.debug.xcconfig */,
				5BF87B1CADA54B7C4054A730 /* Pods-saudiClubs1.release.xcconfig */,
			);
			path = Pods;
			sourceTree = "<group>";
		};
		EC00478021884F09D70DFB3E /* Frameworks */ = {
			isa = PBXGroup;
			children = (
				FE4AA8C466FE102FB5973B6D /* Pods_saudiClubs1.framework */,
			);
			name = Frameworks;
			sourceTree = "<group>";
		};
/* End PBXGroup section */

/* Begin PBXNativeTarget section */
		60318E4D238D17ED00F2C3AB /* saudiClubs */ = {
			isa = PBXNativeTarget;
			buildConfigurationList = 60318E62238D17EF00F2C3AB /* Build configuration list for PBXNativeTarget "saudiClubs" */;
			buildPhases = (
				6131930F1C714EBD74733365 /* [CP] Check Pods Manifest.lock */,
				60318E4A238D17ED00F2C3AB /* Sources */,
				60318E4B238D17ED00F2C3AB /* Frameworks */,
				60318E4C238D17ED00F2C3AB /* Resources */,
				086C2265826C974F7E5E3126 /* [CP] Embed Pods Frameworks */,
			);
			buildRules = (
			);
			dependencies = (
			);
			name = saudiClubs;
			productName = saudiClubs1;
			productReference = 60318E4E238D17ED00F2C3AB /* saudiClubs.app */;
			productType = "com.apple.product-type.application";
		};
/* End PBXNativeTarget section */

/* Begin PBXProject section */
		60318E46238D17ED00F2C3AB /* Project object */ = {
			isa = PBXProject;
			attributes = {
				LastSwiftUpdateCheck = 1120;
				LastUpgradeCheck = 1120;
				ORGANIZATIONNAME = "Mohamed Samir";
				TargetAttributes = {
					60318E4D238D17ED00F2C3AB = {
						CreatedOnToolsVersion = 11.2.1;
					};
				};
			};
			buildConfigurationList = 60318E49238D17ED00F2C3AB /* Build configuration list for PBXProject "saudiClubs" */;
			compatibilityVersion = "Xcode 9.3";
			developmentRegion = en;
			hasScannedForEncodings = 0;
			knownRegions = (
				en,
				Base,
			);
			mainGroup = 60318E45238D17ED00F2C3AB;
			productRefGroup = 60318E4F238D17ED00F2C3AB /* Products */;
			projectDirPath = "";
			projectRoot = "";
			targets = (
				60318E4D238D17ED00F2C3AB /* saudiClubs */,
			);
		};
/* End PBXProject section */

/* Begin PBXResourcesBuildPhase section */
		60318E4C238D17ED00F2C3AB /* Resources */ = {
			isa = PBXResourcesBuildPhase;
			buildActionMask = 2147483647;
			files = (
				6015E93E2392622800A4BE91 /* CairoLight.ttf in Resources */,
				601522752392B2390022EA8F /* SliderCollectionViewCell.xib in Resources */,
				601F5CE423915CE400DF1BE6 /* CairoSemiBold.ttf in Resources */,
				6015226B2392AB3D0022EA8F /* ClubsListMainTableViewCell.xib in Resources */,
				6015E93B2392622800A4BE91 /* CairoRegular.ttf in Resources */,
				601522702392AE100022EA8F /* SliderMainCollectionViewCell.xib in Resources */,
				601435422391AFAD0045348A /* CairoBold.ttf in Resources */,
				6015E93C2392622800A4BE91 /* CairoBlack.ttf in Resources */,
				6015E93D2392622800A4BE91 /* CairoExtraLight.ttf in Resources */,
				6015227A2392B2F40022EA8F /* ClubsListTableViewCell.xib in Resources */,
				60318E5E238D17EF00F2C3AB /* LaunchScreen.storyboard in Resources */,
				60318E5B238D17EF00F2C3AB /* Assets.xcassets in Resources */,
				6015E933239254A100A4BE91 /* MyFollwlisrTableViewCell.xib in Resources */,
				60318E59238D17ED00F2C3AB /* Main.storyboard in Resources */,
			);
			runOnlyForDeploymentPostprocessing = 0;
		};
/* End PBXResourcesBuildPhase section */

/* Begin PBXShellScriptBuildPhase section */
		086C2265826C974F7E5E3126 /* [CP] Embed Pods Frameworks */ = {
			isa = PBXShellScriptBuildPhase;
			buildActionMask = 2147483647;
			files = (
			);
			inputFileListPaths = (
				"${PODS_ROOT}/Target Support Files/Pods-saudiClubs1/Pods-saudiClubs1-frameworks-${CONFIGURATION}-input-files.xcfilelist",
			);
			name = "[CP] Embed Pods Frameworks";
			outputFileListPaths = (
				"${PODS_ROOT}/Target Support Files/Pods-saudiClubs1/Pods-saudiClubs1-frameworks-${CONFIGURATION}-output-files.xcfilelist",
			);
			runOnlyForDeploymentPostprocessing = 0;
			shellPath = /bin/sh;
			shellScript = "\"${PODS_ROOT}/Target Support Files/Pods-saudiClubs1/Pods-saudiClubs1-frameworks.sh\"\n";
			showEnvVarsInLog = 0;
		};
		6131930F1C714EBD74733365 /* [CP] Check Pods Manifest.lock */ = {
			isa = PBXShellScriptBuildPhase;
			buildActionMask = 2147483647;
			files = (
			);
			inputFileListPaths = (
			);
			inputPaths = (
				"${PODS_PODFILE_DIR_PATH}/Podfile.lock",
				"${PODS_ROOT}/Manifest.lock",
			);
			name = "[CP] Check Pods Manifest.lock";
			outputFileListPaths = (
			);
			outputPaths = (
				"$(DERIVED_FILE_DIR)/Pods-saudiClubs1-checkManifestLockResult.txt",
			);
			runOnlyForDeploymentPostprocessing = 0;
			shellPath = /bin/sh;
			shellScript = "diff \"${PODS_PODFILE_DIR_PATH}/Podfile.lock\" \"${PODS_ROOT}/Manifest.lock\" > /dev/null\nif [ $? != 0 ] ; then\n    # print error to STDERR\n    echo \"error: The sandbox is not in sync with the Podfile.lock. Run 'pod install' or update your CocoaPods installation.\" >&2\n    exit 1\nfi\n# This output is used by Xcode 'outputs' to avoid re-running this script phase.\necho \"SUCCESS\" > \"${SCRIPT_OUTPUT_FILE_0}\"\n";
			showEnvVarsInLog = 0;
		};
/* End PBXShellScriptBuildPhase section */

/* Begin PBXSourcesBuildPhase section */
		60318E4A238D17ED00F2C3AB /* Sources */ = {
			isa = PBXSourcesBuildPhase;
			buildActionMask = 2147483647;
			files = (
				601522662392A6450022EA8F /* ClubsListViewController.swift in Sources */,
				601BA8B5238FD3AE008F6A96 /* Constants.swift in Sources */,
				60318E7F238D1EA800F2C3AB /* TextFiledAnimation.swift in Sources */,
				6015E94223926D7400A4BE91 /* AppTermsViewController.swift in Sources */,
				6015226F2392AE100022EA8F /* SliderMainCollectionViewCell.swift in Sources */,
				6011CA4C238E995B00EDDDEC /* completePaymentViewController.swift in Sources */,
				6018E9ED238E64B500223203 /* selectPaymentViewController.swift in Sources */,
				60318E7A238D1EA800F2C3AB /* TableViewCorners.swift in Sources */,
				6015E932239254A100A4BE91 /* MyFollwlisrTableViewCell.swift in Sources */,
				6015226A2392AB3D0022EA8F /* ClubsListMainTableViewCell.swift in Sources */,
				60A8C5182391DDD500ED056B /* UICollectionView+Generics.swift in Sources */,
				60318E7D238D1EA800F2C3AB /* ButtonAnimation.swift in Sources */,
				6096EAC4238EA43B00C9B1FA /* ViewDashedBorder.swift in Sources */,
				6018E9EB238E5D3C00223203 /* ResetPasswordViewController3.swift in Sources */,
				6015E9402392684A00A4BE91 /* ContactUsViewController.swift in Sources */,
				601522742392B2390022EA8F /* SliderCollectionViewCell.swift in Sources */,
				601522792392B2F40022EA8F /* ClubsListTableViewCell.swift in Sources */,
				601BA8BE238FEF7C008F6A96 /* MyFollowlistViewController.swift in Sources */,
				60318E6A238D19C900F2C3AB /* LoginViewController.swift in Sources */,
				601BA8B7238FDB3F008F6A96 /* ProfileViewController.swift in Sources */,
				6017B594238D7528007DC459 /* ResetPasswordViewController2.swift in Sources */,
				60A8C5192391DDD500ED056B /* UITableView+Generics.swift in Sources */,
				60318E7B238D1EA800F2C3AB /* TextFieldCorners.swift in Sources */,
				60318E7C238D1EA800F2C3AB /* ViewCorners.swift in Sources */,
				6015227C2392C0930022EA8F /* Inspectables.swift in Sources */,
				60318E77238D1EA800F2C3AB /* ButtonCorners.swift in Sources */,
				60318E79238D1EA800F2C3AB /* LabelCorners.swift in Sources */,
				601BA8AC238FC1D6008F6A96 /* TabBarController.swift in Sources */,
				601342A2238D44B900B8560C /* SignUpViewController.swift in Sources */,
				60318E78238D1EA800F2C3AB /* ImageCorners.swift in Sources */,
				60318E56238D17ED00F2C3AB /* SplashViewController.swift in Sources */,
				60318E7E238D1EA800F2C3AB /* TextFieldPadding.swift in Sources */,
				6015E9362392608300A4BE91 /* AboutAppViewController.swift in Sources */,
				6019F198238FAC2C005BE346 /* TextFieldUnderlined.swift in Sources */,
				601BA8AF238FC729008F6A96 /* SideMenuViewController.swift in Sources */,
				6012CC2A238D502200DEB61E /* ResetPasswordViewController1.swift in Sources */,
				60318E52238D17ED00F2C3AB /* AppDelegate.swift in Sources */,
				60318E54238D17ED00F2C3AB /* SceneDelegate.swift in Sources */,
			);
			runOnlyForDeploymentPostprocessing = 0;
		};
/* End PBXSourcesBuildPhase section */

/* Begin PBXVariantGroup section */
		60318E57238D17ED00F2C3AB /* Main.storyboard */ = {
			isa = PBXVariantGroup;
			children = (
				60318E58238D17ED00F2C3AB /* Base */,
			);
			name = Main.storyboard;
			sourceTree = "<group>";
		};
		60318E5C238D17EF00F2C3AB /* LaunchScreen.storyboard */ = {
			isa = PBXVariantGroup;
			children = (
				60318E5D238D17EF00F2C3AB /* Base */,
			);
			name = LaunchScreen.storyboard;
			sourceTree = "<group>";
		};
/* End PBXVariantGroup section */

/* Begin XCBuildConfiguration section */
		60318E60238D17EF00F2C3AB /* Debug */ = {
			isa = XCBuildConfiguration;
			buildSettings = {
				ALWAYS_SEARCH_USER_PATHS = NO;
				CLANG_ANALYZER_NONNULL = YES;
				CLANG_ANALYZER_NUMBER_OBJECT_CONVERSION = YES_AGGRESSIVE;
				CLANG_CXX_LANGUAGE_STANDARD = "gnu++14";
				CLANG_CXX_LIBRARY = "libc++";
				CLANG_ENABLE_MODULES = YES;
				CLANG_ENABLE_OBJC_ARC = YES;
				CLANG_ENABLE_OBJC_WEAK = YES;
				CLANG_WARN_BLOCK_CAPTURE_AUTORELEASING = YES;
				CLANG_WARN_BOOL_CONVERSION = YES;
				CLANG_WARN_COMMA = YES;
				CLANG_WARN_CONSTANT_CONVERSION = YES;
				CLANG_WARN_DEPRECATED_OBJC_IMPLEMENTATIONS = YES;
				CLANG_WARN_DIRECT_OBJC_ISA_USAGE = YES_ERROR;
				CLANG_WARN_DOCUMENTATION_COMMENTS = YES;
				CLANG_WARN_EMPTY_BODY = YES;
				CLANG_WARN_ENUM_CONVERSION = YES;
				CLANG_WARN_INFINITE_RECURSION = YES;
				CLANG_WARN_INT_CONVERSION = YES;
				CLANG_WARN_NON_LITERAL_NULL_CONVERSION = YES;
				CLANG_WARN_OBJC_IMPLICIT_RETAIN_SELF = YES;
				CLANG_WARN_OBJC_LITERAL_CONVERSION = YES;
				CLANG_WARN_OBJC_ROOT_CLASS = YES_ERROR;
				CLANG_WARN_RANGE_LOOP_ANALYSIS = YES;
				CLANG_WARN_STRICT_PROTOTYPES = YES;
				CLANG_WARN_SUSPICIOUS_MOVE = YES;
				CLANG_WARN_UNGUARDED_AVAILABILITY = YES_AGGRESSIVE;
				CLANG_WARN_UNREACHABLE_CODE = YES;
				CLANG_WARN__DUPLICATE_METHOD_MATCH = YES;
				COPY_PHASE_STRIP = NO;
				DEBUG_INFORMATION_FORMAT = dwarf;
				ENABLE_STRICT_OBJC_MSGSEND = YES;
				ENABLE_TESTABILITY = YES;
				GCC_C_LANGUAGE_STANDARD = gnu11;
				GCC_DYNAMIC_NO_PIC = NO;
				GCC_NO_COMMON_BLOCKS = YES;
				GCC_OPTIMIZATION_LEVEL = 0;
				GCC_PREPROCESSOR_DEFINITIONS = (
					"DEBUG=1",
					"$(inherited)",
				);
				GCC_WARN_64_TO_32_BIT_CONVERSION = YES;
				GCC_WARN_ABOUT_RETURN_TYPE = YES_ERROR;
				GCC_WARN_UNDECLARED_SELECTOR = YES;
				GCC_WARN_UNINITIALIZED_AUTOS = YES_AGGRESSIVE;
				GCC_WARN_UNUSED_FUNCTION = YES;
				GCC_WARN_UNUSED_VARIABLE = YES;
				IPHONEOS_DEPLOYMENT_TARGET = 13.0;
				MTL_ENABLE_DEBUG_INFO = INCLUDE_SOURCE;
				MTL_FAST_MATH = YES;
				ONLY_ACTIVE_ARCH = YES;
				SDKROOT = iphoneos;
				SWIFT_ACTIVE_COMPILATION_CONDITIONS = DEBUG;
				SWIFT_OPTIMIZATION_LEVEL = "-Onone";
			};
			name = Debug;
		};
		60318E61238D17EF00F2C3AB /* Release */ = {
			isa = XCBuildConfiguration;
			buildSettings = {
				ALWAYS_SEARCH_USER_PATHS = NO;
				CLANG_ANALYZER_NONNULL = YES;
				CLANG_ANALYZER_NUMBER_OBJECT_CONVERSION = YES_AGGRESSIVE;
				CLANG_CXX_LANGUAGE_STANDARD = "gnu++14";
				CLANG_CXX_LIBRARY = "libc++";
				CLANG_ENABLE_MODULES = YES;
				CLANG_ENABLE_OBJC_ARC = YES;
				CLANG_ENABLE_OBJC_WEAK = YES;
				CLANG_WARN_BLOCK_CAPTURE_AUTORELEASING = YES;
				CLANG_WARN_BOOL_CONVERSION = YES;
				CLANG_WARN_COMMA = YES;
				CLANG_WARN_CONSTANT_CONVERSION = YES;
				CLANG_WARN_DEPRECATED_OBJC_IMPLEMENTATIONS = YES;
				CLANG_WARN_DIRECT_OBJC_ISA_USAGE = YES_ERROR;
				CLANG_WARN_DOCUMENTATION_COMMENTS = YES;
				CLANG_WARN_EMPTY_BODY = YES;
				CLANG_WARN_ENUM_CONVERSION = YES;
				CLANG_WARN_INFINITE_RECURSION = YES;
				CLANG_WARN_INT_CONVERSION = YES;
				CLANG_WARN_NON_LITERAL_NULL_CONVERSION = YES;
				CLANG_WARN_OBJC_IMPLICIT_RETAIN_SELF = YES;
				CLANG_WARN_OBJC_LITERAL_CONVERSION = YES;
				CLANG_WARN_OBJC_ROOT_CLASS = YES_ERROR;
				CLANG_WARN_RANGE_LOOP_ANALYSIS = YES;
				CLANG_WARN_STRICT_PROTOTYPES = YES;
				CLANG_WARN_SUSPICIOUS_MOVE = YES;
				CLANG_WARN_UNGUARDED_AVAILABILITY = YES_AGGRESSIVE;
				CLANG_WARN_UNREACHABLE_CODE = YES;
				CLANG_WARN__DUPLICATE_METHOD_MATCH = YES;
				COPY_PHASE_STRIP = NO;
				DEBUG_INFORMATION_FORMAT = "dwarf-with-dsym";
				ENABLE_NS_ASSERTIONS = NO;
				ENABLE_STRICT_OBJC_MSGSEND = YES;
				GCC_C_LANGUAGE_STANDARD = gnu11;
				GCC_NO_COMMON_BLOCKS = YES;
				GCC_WARN_64_TO_32_BIT_CONVERSION = YES;
				GCC_WARN_ABOUT_RETURN_TYPE = YES_ERROR;
				GCC_WARN_UNDECLARED_SELECTOR = YES;
				GCC_WARN_UNINITIALIZED_AUTOS = YES_AGGRESSIVE;
				GCC_WARN_UNUSED_FUNCTION = YES;
				GCC_WARN_UNUSED_VARIABLE = YES;
				IPHONEOS_DEPLOYMENT_TARGET = 13.0;
				MTL_ENABLE_DEBUG_INFO = NO;
				MTL_FAST_MATH = YES;
				SDKROOT = iphoneos;
				SWIFT_COMPILATION_MODE = wholemodule;
				SWIFT_OPTIMIZATION_LEVEL = "-O";
				VALIDATE_PRODUCT = YES;
			};
			name = Release;
		};
		60318E63238D17EF00F2C3AB /* Debug */ = {
			isa = XCBuildConfiguration;
			baseConfigurationReference = 0D04E5563854AFEB7DC1F44E /* Pods-saudiClubs1.debug.xcconfig */;
			buildSettings = {
				ASSETCATALOG_COMPILER_APPICON_NAME = AppIcon;
				CODE_SIGN_STYLE = Automatic;
				DEVELOPMENT_TEAM = 89LNLGMUPU;
				INFOPLIST_FILE = "saudiClubs/Supporting Files/Info.plist";
				LD_RUNPATH_SEARCH_PATHS = (
					"$(inherited)",
					"@executable_path/Frameworks",
				);
				PRODUCT_BUNDLE_IDENTIFIER = www.MohamedSamirEG.com.saudiClubs1;
				PRODUCT_NAME = "$(TARGET_NAME)";
				SWIFT_VERSION = 5.0;
				TARGETED_DEVICE_FAMILY = "1,2";
			};
			name = Debug;
		};
		60318E64238D17EF00F2C3AB /* Release */ = {
			isa = XCBuildConfiguration;
			baseConfigurationReference = 5BF87B1CADA54B7C4054A730 /* Pods-saudiClubs1.release.xcconfig */;
			buildSettings = {
				ASSETCATALOG_COMPILER_APPICON_NAME = AppIcon;
				CODE_SIGN_STYLE = Automatic;
				DEVELOPMENT_TEAM = 89LNLGMUPU;
				INFOPLIST_FILE = "saudiClubs/Supporting Files/Info.plist";
				LD_RUNPATH_SEARCH_PATHS = (
					"$(inherited)",
					"@executable_path/Frameworks",
				);
				PRODUCT_BUNDLE_IDENTIFIER = www.MohamedSamirEG.com.saudiClubs1;
				PRODUCT_NAME = "$(TARGET_NAME)";
				SWIFT_VERSION = 5.0;
				TARGETED_DEVICE_FAMILY = "1,2";
			};
			name = Release;
		};
/* End XCBuildConfiguration section */

/* Begin XCConfigurationList section */
		60318E49238D17ED00F2C3AB /* Build configuration list for PBXProject "saudiClubs" */ = {
			isa = XCConfigurationList;
			buildConfigurations = (
				60318E60238D17EF00F2C3AB /* Debug */,
				60318E61238D17EF00F2C3AB /* Release */,
			);
			defaultConfigurationIsVisible = 0;
			defaultConfigurationName = Release;
		};
		60318E62238D17EF00F2C3AB /* Build configuration list for PBXNativeTarget "saudiClubs" */ = {
			isa = XCConfigurationList;
			buildConfigurations = (
				60318E63238D17EF00F2C3AB /* Debug */,
				60318E64238D17EF00F2C3AB /* Release */,
			);
			defaultConfigurationIsVisible = 0;
			defaultConfigurationName = Release;
		};
/* End XCConfigurationList section */
	};
	rootObject = 60318E46238D17ED00F2C3AB /* Project object */;
}
